// !$*UTF8*$!
{
	archiveVersion = 1;
	classes = {
	};
	objectVersion = 56;
	objects = {

/* Begin PBXBuildFile section */
		5A3B56F92C19742900BDAD32 /* AppDelegate.swift in Sources */ = {isa = PBXBuildFile; fileRef = 5A3B56F82C19742900BDAD32 /* AppDelegate.swift */; };
		5A3B56FB2C19742900BDAD32 /* ContentView.swift in Sources */ = {isa = PBXBuildFile; fileRef = 5A3B56FA2C19742900BDAD32 /* ContentView.swift */; };
		5A3B56FD2C19742900BDAD32 /* Experience.rcproject in Sources */ = {isa = PBXBuildFile; fileRef = 5A3B56FC2C19742900BDAD32 /* Experience.rcproject */; };
		5A3B56FF2C19742B00BDAD32 /* Assets.xcassets in Resources */ = {isa = PBXBuildFile; fileRef = 5A3B56FE2C19742B00BDAD32 /* Assets.xcassets */; };
		5A3B57022C19742B00BDAD32 /* Preview Assets.xcassets in Resources */ = {isa = PBXBuildFile; fileRef = 5A3B57012C19742B00BDAD32 /* Preview Assets.xcassets */; };
		5A3B570C2C19742B00BDAD32 /* AR_DoushouqiTests.swift in Sources */ = {isa = PBXBuildFile; fileRef = 5A3B570B2C19742B00BDAD32 /* AR_DoushouqiTests.swift */; };
		5A3B57162C19742B00BDAD32 /* AR_DoushouqiUITests.swift in Sources */ = {isa = PBXBuildFile; fileRef = 5A3B57152C19742B00BDAD32 /* AR_DoushouqiUITests.swift */; };
		5A3B57182C19742B00BDAD32 /* AR_DoushouqiUITestsLaunchTests.swift in Sources */ = {isa = PBXBuildFile; fileRef = 5A3B57172C19742B00BDAD32 /* AR_DoushouqiUITestsLaunchTests.swift */; };
		5A3B57282C19775B00BDAD32 /* BoardViewRepresentable.swift in Sources */ = {isa = PBXBuildFile; fileRef = 5A3B57272C19775B00BDAD32 /* BoardViewRepresentable.swift */; };
		5A3B572B2C197C2D00BDAD32 /* BoardARView.swift in Sources */ = {isa = PBXBuildFile; fileRef = 5A3B572A2C197C2D00BDAD32 /* BoardARView.swift */; };
		5A3B57302C1980AD00BDAD32 /* Images.xcassets in Resources */ = {isa = PBXBuildFile; fileRef = 5A3B572F2C1980AD00BDAD32 /* Images.xcassets */; };
		5A5E16192C1C621700E9F65F /* board.usdz in Resources */ = {isa = PBXBuildFile; fileRef = 5A5E16182C1C621700E9F65F /* board.usdz */; };
		5A5E16282C1C7A0700E9F65F /* wolf.usdz in Resources */ = {isa = PBXBuildFile; fileRef = 5A5E16202C1C7A0500E9F65F /* wolf.usdz */; };
		5A5E16292C1C7A0700E9F65F /* dog.usdz in Resources */ = {isa = PBXBuildFile; fileRef = 5A5E16212C1C7A0500E9F65F /* dog.usdz */; };
		5A5E162A2C1C7A0700E9F65F /* leopard.usdz in Resources */ = {isa = PBXBuildFile; fileRef = 5A5E16222C1C7A0600E9F65F /* leopard.usdz */; };
		5A5E162B2C1C7A0700E9F65F /* cat.usdz in Resources */ = {isa = PBXBuildFile; fileRef = 5A5E16232C1C7A0600E9F65F /* cat.usdz */; };
		5A5E162C2C1C7A0700E9F65F /* tiger.usdz in Resources */ = {isa = PBXBuildFile; fileRef = 5A5E16242C1C7A0700E9F65F /* tiger.usdz */; };
		5A5E162D2C1C7A0700E9F65F /* elephant.usdz in Resources */ = {isa = PBXBuildFile; fileRef = 5A5E16252C1C7A0700E9F65F /* elephant.usdz */; };
		5A5E162E2C1C7A0700E9F65F /* lion.usdz in Resources */ = {isa = PBXBuildFile; fileRef = 5A5E16262C1C7A0700E9F65F /* lion.usdz */; };
		5A5E162F2C1C7A0700E9F65F /* rat.usdz in Resources */ = {isa = PBXBuildFile; fileRef = 5A5E16272C1C7A0700E9F65F /* rat.usdz */; };
		5AA8BBD52C1C1C570029D46D /* pancakes.usdz in Resources */ = {isa = PBXBuildFile; fileRef = 5AA8BBD42C1C1C570029D46D /* pancakes.usdz */; };
/* End PBXBuildFile section */

/* Begin PBXContainerItemProxy section */
		5A3B57082C19742B00BDAD32 /* PBXContainerItemProxy */ = {
			isa = PBXContainerItemProxy;
			containerPortal = 5A3B56ED2C19742900BDAD32 /* Project object */;
			proxyType = 1;
			remoteGlobalIDString = 5A3B56F42C19742900BDAD32;
			remoteInfo = AR_Doushouqi;
		};
		5A3B57122C19742B00BDAD32 /* PBXContainerItemProxy */ = {
			isa = PBXContainerItemProxy;
			containerPortal = 5A3B56ED2C19742900BDAD32 /* Project object */;
			proxyType = 1;
			remoteGlobalIDString = 5A3B56F42C19742900BDAD32;
			remoteInfo = AR_Doushouqi;
		};
/* End PBXContainerItemProxy section */

/* Begin PBXFileReference section */
		5A3B56F52C19742900BDAD32 /* AR_Doushouqi.app */ = {isa = PBXFileReference; explicitFileType = wrapper.application; includeInIndex = 0; path = AR_Doushouqi.app; sourceTree = BUILT_PRODUCTS_DIR; };
		5A3B56F82C19742900BDAD32 /* AppDelegate.swift */ = {isa = PBXFileReference; lastKnownFileType = sourcecode.swift; path = AppDelegate.swift; sourceTree = "<group>"; };
		5A3B56FA2C19742900BDAD32 /* ContentView.swift */ = {isa = PBXFileReference; lastKnownFileType = sourcecode.swift; path = ContentView.swift; sourceTree = "<group>"; };
		5A3B56FC2C19742900BDAD32 /* Experience.rcproject */ = {isa = PBXFileReference; lastKnownFileType = file.rcproject; path = Experience.rcproject; sourceTree = "<group>"; };
		5A3B56FE2C19742B00BDAD32 /* Assets.xcassets */ = {isa = PBXFileReference; lastKnownFileType = folder.assetcatalog; path = Assets.xcassets; sourceTree = "<group>"; };
		5A3B57012C19742B00BDAD32 /* Preview Assets.xcassets */ = {isa = PBXFileReference; lastKnownFileType = folder.assetcatalog; path = "Preview Assets.xcassets"; sourceTree = "<group>"; };
		5A3B57072C19742B00BDAD32 /* AR_DoushouqiTests.xctest */ = {isa = PBXFileReference; explicitFileType = wrapper.cfbundle; includeInIndex = 0; path = AR_DoushouqiTests.xctest; sourceTree = BUILT_PRODUCTS_DIR; };
		5A3B570B2C19742B00BDAD32 /* AR_DoushouqiTests.swift */ = {isa = PBXFileReference; lastKnownFileType = sourcecode.swift; path = AR_DoushouqiTests.swift; sourceTree = "<group>"; };
		5A3B57112C19742B00BDAD32 /* AR_DoushouqiUITests.xctest */ = {isa = PBXFileReference; explicitFileType = wrapper.cfbundle; includeInIndex = 0; path = AR_DoushouqiUITests.xctest; sourceTree = BUILT_PRODUCTS_DIR; };
		5A3B57152C19742B00BDAD32 /* AR_DoushouqiUITests.swift */ = {isa = PBXFileReference; lastKnownFileType = sourcecode.swift; path = AR_DoushouqiUITests.swift; sourceTree = "<group>"; };
		5A3B57172C19742B00BDAD32 /* AR_DoushouqiUITestsLaunchTests.swift */ = {isa = PBXFileReference; lastKnownFileType = sourcecode.swift; path = AR_DoushouqiUITestsLaunchTests.swift; sourceTree = "<group>"; };
		5A3B57272C19775B00BDAD32 /* BoardViewRepresentable.swift */ = {isa = PBXFileReference; lastKnownFileType = sourcecode.swift; path = BoardViewRepresentable.swift; sourceTree = "<group>"; };
		5A3B572A2C197C2D00BDAD32 /* BoardARView.swift */ = {isa = PBXFileReference; lastKnownFileType = sourcecode.swift; path = BoardARView.swift; sourceTree = "<group>"; };
		5A3B572F2C1980AD00BDAD32 /* Images.xcassets */ = {isa = PBXFileReference; lastKnownFileType = folder.assetcatalog; path = Images.xcassets; sourceTree = "<group>"; };
		5A5E16182C1C621700E9F65F /* board.usdz */ = {isa = PBXFileReference; lastKnownFileType = file.usdz; path = board.usdz; sourceTree = "<group>"; };
		5A5E16202C1C7A0500E9F65F /* wolf.usdz */ = {isa = PBXFileReference; lastKnownFileType = file.usdz; path = wolf.usdz; sourceTree = "<group>"; };
		5A5E16212C1C7A0500E9F65F /* dog.usdz */ = {isa = PBXFileReference; lastKnownFileType = file.usdz; path = dog.usdz; sourceTree = "<group>"; };
		5A5E16222C1C7A0600E9F65F /* leopard.usdz */ = {isa = PBXFileReference; lastKnownFileType = file.usdz; path = leopard.usdz; sourceTree = "<group>"; };
		5A5E16232C1C7A0600E9F65F /* cat.usdz */ = {isa = PBXFileReference; lastKnownFileType = file.usdz; path = cat.usdz; sourceTree = "<group>"; };
		5A5E16242C1C7A0700E9F65F /* tiger.usdz */ = {isa = PBXFileReference; lastKnownFileType = file.usdz; path = tiger.usdz; sourceTree = "<group>"; };
		5A5E16252C1C7A0700E9F65F /* elephant.usdz */ = {isa = PBXFileReference; lastKnownFileType = file.usdz; path = elephant.usdz; sourceTree = "<group>"; };
		5A5E16262C1C7A0700E9F65F /* lion.usdz */ = {isa = PBXFileReference; lastKnownFileType = file.usdz; path = lion.usdz; sourceTree = "<group>"; };
		5A5E16272C1C7A0700E9F65F /* rat.usdz */ = {isa = PBXFileReference; lastKnownFileType = file.usdz; path = rat.usdz; sourceTree = "<group>"; };
		5AA8BBD42C1C1C570029D46D /* pancakes.usdz */ = {isa = PBXFileReference; lastKnownFileType = file.usdz; path = pancakes.usdz; sourceTree = "<group>"; };
/* End PBXFileReference section */

/* Begin PBXFrameworksBuildPhase section */
		5A3B56F22C19742900BDAD32 /* Frameworks */ = {
			isa = PBXFrameworksBuildPhase;
			buildActionMask = 2147483647;
			files = (
			);
			runOnlyForDeploymentPostprocessing = 0;
		};
		5A3B57042C19742B00BDAD32 /* Frameworks */ = {
			isa = PBXFrameworksBuildPhase;
			buildActionMask = 2147483647;
			files = (
			);
			runOnlyForDeploymentPostprocessing = 0;
		};
		5A3B570E2C19742B00BDAD32 /* Frameworks */ = {
			isa = PBXFrameworksBuildPhase;
			buildActionMask = 2147483647;
			files = (
			);
			runOnlyForDeploymentPostprocessing = 0;
		};
/* End PBXFrameworksBuildPhase section */

/* Begin PBXGroup section */
		5A3B56EC2C19742900BDAD32 = {
			isa = PBXGroup;
			children = (
				5A3B56F72C19742900BDAD32 /* AR_Doushouqi */,
				5A3B570A2C19742B00BDAD32 /* AR_DoushouqiTests */,
				5A3B57142C19742B00BDAD32 /* AR_DoushouqiUITests */,
				5A3B56F62C19742900BDAD32 /* Products */,
			);
			sourceTree = "<group>";
		};
		5A3B56F62C19742900BDAD32 /* Products */ = {
			isa = PBXGroup;
			children = (
				5A3B56F52C19742900BDAD32 /* AR_Doushouqi.app */,
				5A3B57072C19742B00BDAD32 /* AR_DoushouqiTests.xctest */,
				5A3B57112C19742B00BDAD32 /* AR_DoushouqiUITests.xctest */,
			);
			name = Products;
			sourceTree = "<group>";
		};
		5A3B56F72C19742900BDAD32 /* AR_Doushouqi */ = {
			isa = PBXGroup;
			children = (
				5A5E161F2C1C793A00E9F65F /* 3dModels */,
				5A3B572C2C19808900BDAD32 /* Assets */,
				5A3B57292C197C1A00BDAD32 /* ARView */,
				5A3B57242C19763000BDAD32 /* ViewRepresentable */,
				5A3B56F82C19742900BDAD32 /* AppDelegate.swift */,
				5A3B56FA2C19742900BDAD32 /* ContentView.swift */,
				5A3B56FC2C19742900BDAD32 /* Experience.rcproject */,
				5A3B56FE2C19742B00BDAD32 /* Assets.xcassets */,
				5A3B57002C19742B00BDAD32 /* Preview Content */,
			);
			path = AR_Doushouqi;
			sourceTree = "<group>";
		};
		5A3B57002C19742B00BDAD32 /* Preview Content */ = {
			isa = PBXGroup;
			children = (
				5A3B57012C19742B00BDAD32 /* Preview Assets.xcassets */,
			);
			path = "Preview Content";
			sourceTree = "<group>";
		};
		5A3B570A2C19742B00BDAD32 /* AR_DoushouqiTests */ = {
			isa = PBXGroup;
			children = (
				5A3B570B2C19742B00BDAD32 /* AR_DoushouqiTests.swift */,
			);
			path = AR_DoushouqiTests;
			sourceTree = "<group>";
		};
		5A3B57142C19742B00BDAD32 /* AR_DoushouqiUITests */ = {
			isa = PBXGroup;
			children = (
				5A3B57152C19742B00BDAD32 /* AR_DoushouqiUITests.swift */,
				5A3B57172C19742B00BDAD32 /* AR_DoushouqiUITestsLaunchTests.swift */,
			);
			path = AR_DoushouqiUITests;
			sourceTree = "<group>";
		};
		5A3B57242C19763000BDAD32 /* ViewRepresentable */ = {
			isa = PBXGroup;
			children = (
				5A3B57272C19775B00BDAD32 /* BoardViewRepresentable.swift */,
			);
			path = ViewRepresentable;
			sourceTree = "<group>";
		};
		5A3B57292C197C1A00BDAD32 /* ARView */ = {
			isa = PBXGroup;
			children = (
				5A3B572A2C197C2D00BDAD32 /* BoardARView.swift */,
			);
			path = ARView;
			sourceTree = "<group>";
		};
		5A3B572C2C19808900BDAD32 /* Assets */ = {
			isa = PBXGroup;
			children = (
				5A3B572F2C1980AD00BDAD32 /* Images.xcassets */,
			);
			path = Assets;
			sourceTree = "<group>";
		};
		5A5E161F2C1C793A00E9F65F /* 3dModels */ = {
			isa = PBXGroup;
			children = (
				5A5E16232C1C7A0600E9F65F /* cat.usdz */,
				5A5E16212C1C7A0500E9F65F /* dog.usdz */,
				5A5E16252C1C7A0700E9F65F /* elephant.usdz */,
				5A5E16222C1C7A0600E9F65F /* leopard.usdz */,
				5A5E16262C1C7A0700E9F65F /* lion.usdz */,
				5A5E16272C1C7A0700E9F65F /* rat.usdz */,
				5A5E16242C1C7A0700E9F65F /* tiger.usdz */,
				5A5E16202C1C7A0500E9F65F /* wolf.usdz */,
				5AA8BBD42C1C1C570029D46D /* pancakes.usdz */,
				5A5E16182C1C621700E9F65F /* board.usdz */,
			);
			path = 3dModels;
			sourceTree = "<group>";
		};
/* End PBXGroup section */

/* Begin PBXNativeTarget section */
		5A3B56F42C19742900BDAD32 /* AR_Doushouqi */ = {
			isa = PBXNativeTarget;
			buildConfigurationList = 5A3B571B2C19742B00BDAD32 /* Build configuration list for PBXNativeTarget "AR_Doushouqi" */;
			buildPhases = (
				5A3B56F12C19742900BDAD32 /* Sources */,
				5A3B56F22C19742900BDAD32 /* Frameworks */,
				5A3B56F32C19742900BDAD32 /* Resources */,
			);
			buildRules = (
			);
			dependencies = (
			);
			name = AR_Doushouqi;
			productName = AR_Doushouqi;
			productReference = 5A3B56F52C19742900BDAD32 /* AR_Doushouqi.app */;
			productType = "com.apple.product-type.application";
		};
		5A3B57062C19742B00BDAD32 /* AR_DoushouqiTests */ = {
			isa = PBXNativeTarget;
			buildConfigurationList = 5A3B571E2C19742B00BDAD32 /* Build configuration list for PBXNativeTarget "AR_DoushouqiTests" */;
			buildPhases = (
				5A3B57032C19742B00BDAD32 /* Sources */,
				5A3B57042C19742B00BDAD32 /* Frameworks */,
				5A3B57052C19742B00BDAD32 /* Resources */,
			);
			buildRules = (
			);
			dependencies = (
				5A3B57092C19742B00BDAD32 /* PBXTargetDependency */,
			);
			name = AR_DoushouqiTests;
			productName = AR_DoushouqiTests;
			productReference = 5A3B57072C19742B00BDAD32 /* AR_DoushouqiTests.xctest */;
			productType = "com.apple.product-type.bundle.unit-test";
		};
		5A3B57102C19742B00BDAD32 /* AR_DoushouqiUITests */ = {
			isa = PBXNativeTarget;
			buildConfigurationList = 5A3B57212C19742B00BDAD32 /* Build configuration list for PBXNativeTarget "AR_DoushouqiUITests" */;
			buildPhases = (
				5A3B570D2C19742B00BDAD32 /* Sources */,
				5A3B570E2C19742B00BDAD32 /* Frameworks */,
				5A3B570F2C19742B00BDAD32 /* Resources */,
			);
			buildRules = (
			);
			dependencies = (
				5A3B57132C19742B00BDAD32 /* PBXTargetDependency */,
			);
			name = AR_DoushouqiUITests;
			productName = AR_DoushouqiUITests;
			productReference = 5A3B57112C19742B00BDAD32 /* AR_DoushouqiUITests.xctest */;
			productType = "com.apple.product-type.bundle.ui-testing";
		};
/* End PBXNativeTarget section */

/* Begin PBXProject section */
		5A3B56ED2C19742900BDAD32 /* Project object */ = {
			isa = PBXProject;
			attributes = {
				BuildIndependentTargetsInParallel = 1;
				LastSwiftUpdateCheck = 1420;
				LastUpgradeCheck = 1420;
				TargetAttributes = {
					5A3B56F42C19742900BDAD32 = {
						CreatedOnToolsVersion = 14.2;
					};
					5A3B57062C19742B00BDAD32 = {
						CreatedOnToolsVersion = 14.2;
						TestTargetID = 5A3B56F42C19742900BDAD32;
					};
					5A3B57102C19742B00BDAD32 = {
						CreatedOnToolsVersion = 14.2;
						TestTargetID = 5A3B56F42C19742900BDAD32;
					};
				};
			};
			buildConfigurationList = 5A3B56F02C19742900BDAD32 /* Build configuration list for PBXProject "AR_Doushouqi" */;
			compatibilityVersion = "Xcode 14.0";
			developmentRegion = en;
			hasScannedForEncodings = 0;
			knownRegions = (
				en,
				Base,
			);
			mainGroup = 5A3B56EC2C19742900BDAD32;
			productRefGroup = 5A3B56F62C19742900BDAD32 /* Products */;
			projectDirPath = "";
			projectRoot = "";
			targets = (
				5A3B56F42C19742900BDAD32 /* AR_Doushouqi */,
				5A3B57062C19742B00BDAD32 /* AR_DoushouqiTests */,
				5A3B57102C19742B00BDAD32 /* AR_DoushouqiUITests */,
			);
		};
/* End PBXProject section */

/* Begin PBXResourcesBuildPhase section */
		5A3B56F32C19742900BDAD32 /* Resources */ = {
			isa = PBXResourcesBuildPhase;
			buildActionMask = 2147483647;
			files = (
				5A5E162D2C1C7A0700E9F65F /* elephant.usdz in Resources */,
				5A5E162F2C1C7A0700E9F65F /* rat.usdz in Resources */,
				5A5E16192C1C621700E9F65F /* board.usdz in Resources */,
				5A5E16282C1C7A0700E9F65F /* wolf.usdz in Resources */,
				5A5E162B2C1C7A0700E9F65F /* cat.usdz in Resources */,
				5A5E162C2C1C7A0700E9F65F /* tiger.usdz in Resources */,
				5A3B57302C1980AD00BDAD32 /* Images.xcassets in Resources */,
				5A3B57022C19742B00BDAD32 /* Preview Assets.xcassets in Resources */,
				5A3B56FF2C19742B00BDAD32 /* Assets.xcassets in Resources */,
				5A5E16292C1C7A0700E9F65F /* dog.usdz in Resources */,
				5AA8BBD52C1C1C570029D46D /* pancakes.usdz in Resources */,
				5A5E162A2C1C7A0700E9F65F /* leopard.usdz in Resources */,
				5A5E162E2C1C7A0700E9F65F /* lion.usdz in Resources */,
			);
			runOnlyForDeploymentPostprocessing = 0;
		};
		5A3B57052C19742B00BDAD32 /* Resources */ = {
			isa = PBXResourcesBuildPhase;
			buildActionMask = 2147483647;
			files = (
			);
			runOnlyForDeploymentPostprocessing = 0;
		};
		5A3B570F2C19742B00BDAD32 /* Resources */ = {
			isa = PBXResourcesBuildPhase;
			buildActionMask = 2147483647;
			files = (
			);
			runOnlyForDeploymentPostprocessing = 0;
		};
/* End PBXResourcesBuildPhase section */

/* Begin PBXSourcesBuildPhase section */
		5A3B56F12C19742900BDAD32 /* Sources */ = {
			isa = PBXSourcesBuildPhase;
			buildActionMask = 2147483647;
			files = (
				5A3B572B2C197C2D00BDAD32 /* BoardARView.swift in Sources */,
				5A3B56FB2C19742900BDAD32 /* ContentView.swift in Sources */,
				5A3B56F92C19742900BDAD32 /* AppDelegate.swift in Sources */,
				5A3B57282C19775B00BDAD32 /* BoardViewRepresentable.swift in Sources */,
				5A3B56FD2C19742900BDAD32 /* Experience.rcproject in Sources */,
			);
			runOnlyForDeploymentPostprocessing = 0;
		};
		5A3B57032C19742B00BDAD32 /* Sources */ = {
			isa = PBXSourcesBuildPhase;
			buildActionMask = 2147483647;
			files = (
				5A3B570C2C19742B00BDAD32 /* AR_DoushouqiTests.swift in Sources */,
			);
			runOnlyForDeploymentPostprocessing = 0;
		};
		5A3B570D2C19742B00BDAD32 /* Sources */ = {
			isa = PBXSourcesBuildPhase;
			buildActionMask = 2147483647;
			files = (
				5A3B57162C19742B00BDAD32 /* AR_DoushouqiUITests.swift in Sources */,
				5A3B57182C19742B00BDAD32 /* AR_DoushouqiUITestsLaunchTests.swift in Sources */,
			);
			runOnlyForDeploymentPostprocessing = 0;
		};
/* End PBXSourcesBuildPhase section */

/* Begin PBXTargetDependency section */
		5A3B57092C19742B00BDAD32 /* PBXTargetDependency */ = {
			isa = PBXTargetDependency;
			target = 5A3B56F42C19742900BDAD32 /* AR_Doushouqi */;
			targetProxy = 5A3B57082C19742B00BDAD32 /* PBXContainerItemProxy */;
		};
		5A3B57132C19742B00BDAD32 /* PBXTargetDependency */ = {
			isa = PBXTargetDependency;
			target = 5A3B56F42C19742900BDAD32 /* AR_Doushouqi */;
			targetProxy = 5A3B57122C19742B00BDAD32 /* PBXContainerItemProxy */;
		};
/* End PBXTargetDependency section */

/* Begin XCBuildConfiguration section */
		5A3B57192C19742B00BDAD32 /* Debug */ = {
			isa = XCBuildConfiguration;
			buildSettings = {
				ALWAYS_SEARCH_USER_PATHS = NO;
				CLANG_ANALYZER_NONNULL = YES;
				CLANG_ANALYZER_NUMBER_OBJECT_CONVERSION = YES_AGGRESSIVE;
				CLANG_CXX_LANGUAGE_STANDARD = "gnu++20";
				CLANG_ENABLE_MODULES = YES;
				CLANG_ENABLE_OBJC_ARC = YES;
				CLANG_ENABLE_OBJC_WEAK = YES;
				CLANG_WARN_BLOCK_CAPTURE_AUTORELEASING = YES;
				CLANG_WARN_BOOL_CONVERSION = YES;
				CLANG_WARN_COMMA = YES;
				CLANG_WARN_CONSTANT_CONVERSION = YES;
				CLANG_WARN_DEPRECATED_OBJC_IMPLEMENTATIONS = YES;
				CLANG_WARN_DIRECT_OBJC_ISA_USAGE = YES_ERROR;
				CLANG_WARN_DOCUMENTATION_COMMENTS = YES;
				CLANG_WARN_EMPTY_BODY = YES;
				CLANG_WARN_ENUM_CONVERSION = YES;
				CLANG_WARN_INFINITE_RECURSION = YES;
				CLANG_WARN_INT_CONVERSION = YES;
				CLANG_WARN_NON_LITERAL_NULL_CONVERSION = YES;
				CLANG_WARN_OBJC_IMPLICIT_RETAIN_SELF = YES;
				CLANG_WARN_OBJC_LITERAL_CONVERSION = YES;
				CLANG_WARN_OBJC_ROOT_CLASS = YES_ERROR;
				CLANG_WARN_QUOTED_INCLUDE_IN_FRAMEWORK_HEADER = YES;
				CLANG_WARN_RANGE_LOOP_ANALYSIS = YES;
				CLANG_WARN_STRICT_PROTOTYPES = YES;
				CLANG_WARN_SUSPICIOUS_MOVE = YES;
				CLANG_WARN_UNGUARDED_AVAILABILITY = YES_AGGRESSIVE;
				CLANG_WARN_UNREACHABLE_CODE = YES;
				CLANG_WARN__DUPLICATE_METHOD_MATCH = YES;
				COPY_PHASE_STRIP = NO;
				DEBUG_INFORMATION_FORMAT = dwarf;
				ENABLE_STRICT_OBJC_MSGSEND = YES;
				ENABLE_TESTABILITY = YES;
				GCC_C_LANGUAGE_STANDARD = gnu11;
				GCC_DYNAMIC_NO_PIC = NO;
				GCC_NO_COMMON_BLOCKS = YES;
				GCC_OPTIMIZATION_LEVEL = 0;
				GCC_PREPROCESSOR_DEFINITIONS = (
					"DEBUG=1",
					"$(inherited)",
				);
				GCC_WARN_64_TO_32_BIT_CONVERSION = YES;
				GCC_WARN_ABOUT_RETURN_TYPE = YES_ERROR;
				GCC_WARN_UNDECLARED_SELECTOR = YES;
				GCC_WARN_UNINITIALIZED_AUTOS = YES_AGGRESSIVE;
				GCC_WARN_UNUSED_FUNCTION = YES;
				GCC_WARN_UNUSED_VARIABLE = YES;
				IPHONEOS_DEPLOYMENT_TARGET = 16.2;
				MTL_ENABLE_DEBUG_INFO = INCLUDE_SOURCE;
				MTL_FAST_MATH = YES;
				ONLY_ACTIVE_ARCH = YES;
				SDKROOT = iphoneos;
				SWIFT_ACTIVE_COMPILATION_CONDITIONS = DEBUG;
				SWIFT_OPTIMIZATION_LEVEL = "-Onone";
			};
			name = Debug;
		};
		5A3B571A2C19742B00BDAD32 /* Release */ = {
			isa = XCBuildConfiguration;
			buildSettings = {
				ALWAYS_SEARCH_USER_PATHS = NO;
				CLANG_ANALYZER_NONNULL = YES;
				CLANG_ANALYZER_NUMBER_OBJECT_CONVERSION = YES_AGGRESSIVE;
				CLANG_CXX_LANGUAGE_STANDARD = "gnu++20";
				CLANG_ENABLE_MODULES = YES;
				CLANG_ENABLE_OBJC_ARC = YES;
				CLANG_ENABLE_OBJC_WEAK = YES;
				CLANG_WARN_BLOCK_CAPTURE_AUTORELEASING = YES;
				CLANG_WARN_BOOL_CONVERSION = YES;
				CLANG_WARN_COMMA = YES;
				CLANG_WARN_CONSTANT_CONVERSION = YES;
				CLANG_WARN_DEPRECATED_OBJC_IMPLEMENTATIONS = YES;
				CLANG_WARN_DIRECT_OBJC_ISA_USAGE = YES_ERROR;
				CLANG_WARN_DOCUMENTATION_COMMENTS = YES;
				CLANG_WARN_EMPTY_BODY = YES;
				CLANG_WARN_ENUM_CONVERSION = YES;
				CLANG_WARN_INFINITE_RECURSION = YES;
				CLANG_WARN_INT_CONVERSION = YES;
				CLANG_WARN_NON_LITERAL_NULL_CONVERSION = YES;
				CLANG_WARN_OBJC_IMPLICIT_RETAIN_SELF = YES;
				CLANG_WARN_OBJC_LITERAL_CONVERSION = YES;
				CLANG_WARN_OBJC_ROOT_CLASS = YES_ERROR;
				CLANG_WARN_QUOTED_INCLUDE_IN_FRAMEWORK_HEADER = YES;
				CLANG_WARN_RANGE_LOOP_ANALYSIS = YES;
				CLANG_WARN_STRICT_PROTOTYPES = YES;
				CLANG_WARN_SUSPICIOUS_MOVE = YES;
				CLANG_WARN_UNGUARDED_AVAILABILITY = YES_AGGRESSIVE;
				CLANG_WARN_UNREACHABLE_CODE = YES;
				CLANG_WARN__DUPLICATE_METHOD_MATCH = YES;
				COPY_PHASE_STRIP = NO;
				DEBUG_INFORMATION_FORMAT = "dwarf-with-dsym";
				ENABLE_NS_ASSERTIONS = NO;
				ENABLE_STRICT_OBJC_MSGSEND = YES;
				GCC_C_LANGUAGE_STANDARD = gnu11;
				GCC_NO_COMMON_BLOCKS = YES;
				GCC_WARN_64_TO_32_BIT_CONVERSION = YES;
				GCC_WARN_ABOUT_RETURN_TYPE = YES_ERROR;
				GCC_WARN_UNDECLARED_SELECTOR = YES;
				GCC_WARN_UNINITIALIZED_AUTOS = YES_AGGRESSIVE;
				GCC_WARN_UNUSED_FUNCTION = YES;
				GCC_WARN_UNUSED_VARIABLE = YES;
				IPHONEOS_DEPLOYMENT_TARGET = 16.2;
				MTL_ENABLE_DEBUG_INFO = NO;
				MTL_FAST_MATH = YES;
				SDKROOT = iphoneos;
				SWIFT_COMPILATION_MODE = wholemodule;
				SWIFT_OPTIMIZATION_LEVEL = "-O";
				VALIDATE_PRODUCT = YES;
			};
			name = Release;
		};
		5A3B571C2C19742B00BDAD32 /* Debug */ = {
			isa = XCBuildConfiguration;
			buildSettings = {
				ASSETCATALOG_COMPILER_APPICON_NAME = AppIcon;
				ASSETCATALOG_COMPILER_GLOBAL_ACCENT_COLOR_NAME = AccentColor;
				"CODE_SIGN_IDENTITY[sdk=iphoneos*]" = "iPhone Developer";
				CODE_SIGN_STYLE = Manual;
				CURRENT_PROJECT_VERSION = 1;
				DEVELOPMENT_ASSET_PATHS = "\"AR_Doushouqi/Preview Content\"";
				DEVELOPMENT_TEAM = "";
				"DEVELOPMENT_TEAM[sdk=iphoneos*]" = DRCMU7YM68;
				ENABLE_PREVIEWS = YES;
				GENERATE_INFOPLIST_FILE = YES;
				INFOPLIST_KEY_NSCameraUsageDescription = "camera needed for Doushouqi VR";
				INFOPLIST_KEY_UIApplicationSupportsIndirectInputEvents = YES;
				INFOPLIST_KEY_UILaunchScreen_Generation = YES;
				INFOPLIST_KEY_UIRequiredDeviceCapabilities = arkit;
				INFOPLIST_KEY_UIStatusBarHidden = YES;
				INFOPLIST_KEY_UISupportedInterfaceOrientations_iPad = "UIInterfaceOrientationPortrait UIInterfaceOrientationPortraitUpsideDown UIInterfaceOrientationLandscapeLeft UIInterfaceOrientationLandscapeRight";
				INFOPLIST_KEY_UISupportedInterfaceOrientations_iPhone = "UIInterfaceOrientationPortrait UIInterfaceOrientationLandscapeLeft UIInterfaceOrientationLandscapeRight";
				LD_RUNPATH_SEARCH_PATHS = (
					"$(inherited)",
					"@executable_path/Frameworks",
				);
				MARKETING_VERSION = 1.0;
				PRODUCT_BUNDLE_IDENTIFIER = "fr.uca.iut.AR-Doushouqi";
				PRODUCT_NAME = "$(TARGET_NAME)";
				PROVISIONING_PROFILE_SPECIFIER = "";
				"PROVISIONING_PROFILE_SPECIFIER[sdk=iphoneos*]" = tpiOS_2023;
				SWIFT_EMIT_LOC_STRINGS = YES;
				SWIFT_VERSION = 5.0;
				TARGETED_DEVICE_FAMILY = "1,2";
			};
			name = Debug;
		};
		5A3B571D2C19742B00BDAD32 /* Release */ = {
			isa = XCBuildConfiguration;
			buildSettings = {
				ASSETCATALOG_COMPILER_APPICON_NAME = AppIcon;
				ASSETCATALOG_COMPILER_GLOBAL_ACCENT_COLOR_NAME = AccentColor;
				"CODE_SIGN_IDENTITY[sdk=iphoneos*]" = "iPhone Developer";
				CODE_SIGN_STYLE = Manual;
				CURRENT_PROJECT_VERSION = 1;
				DEVELOPMENT_ASSET_PATHS = "\"AR_Doushouqi/Preview Content\"";
				DEVELOPMENT_TEAM = "";
				"DEVELOPMENT_TEAM[sdk=iphoneos*]" = DRCMU7YM68;
				ENABLE_PREVIEWS = YES;
				GENERATE_INFOPLIST_FILE = YES;
				INFOPLIST_KEY_NSCameraUsageDescription = "camera needed for Doushouqi VR";
				INFOPLIST_KEY_UIApplicationSupportsIndirectInputEvents = YES;
				INFOPLIST_KEY_UILaunchScreen_Generation = YES;
				INFOPLIST_KEY_UIRequiredDeviceCapabilities = arkit;
				INFOPLIST_KEY_UIStatusBarHidden = YES;
				INFOPLIST_KEY_UISupportedInterfaceOrientations_iPad = "UIInterfaceOrientationPortrait UIInterfaceOrientationPortraitUpsideDown UIInterfaceOrientationLandscapeLeft UIInterfaceOrientationLandscapeRight";
				INFOPLIST_KEY_UISupportedInterfaceOrientations_iPhone = "UIInterfaceOrientationPortrait UIInterfaceOrientationLandscapeLeft UIInterfaceOrientationLandscapeRight";
				LD_RUNPATH_SEARCH_PATHS = (
					"$(inherited)",
					"@executable_path/Frameworks",
				);
				MARKETING_VERSION = 1.0;
				PRODUCT_BUNDLE_IDENTIFIER = "fr.uca.iut.AR-Doushouqi";
				PRODUCT_NAME = "$(TARGET_NAME)";
				PROVISIONING_PROFILE_SPECIFIER = "";
				"PROVISIONING_PROFILE_SPECIFIER[sdk=iphoneos*]" = tpiOS_2023;
				SWIFT_EMIT_LOC_STRINGS = YES;
				SWIFT_VERSION = 5.0;
				TARGETED_DEVICE_FAMILY = "1,2";
			};
			name = Release;
		};
		5A3B571F2C19742B00BDAD32 /* Debug */ = {
			isa = XCBuildConfiguration;
			buildSettings = {
				ALWAYS_EMBED_SWIFT_STANDARD_LIBRARIES = YES;
				BUNDLE_LOADER = "$(TEST_HOST)";
				CODE_SIGN_STYLE = Automatic;
				CURRENT_PROJECT_VERSION = 1;
				GENERATE_INFOPLIST_FILE = YES;
				IPHONEOS_DEPLOYMENT_TARGET = 16.2;
				MARKETING_VERSION = 1.0;
				PRODUCT_BUNDLE_IDENTIFIER = "fr.uca.iut.AR-DoushouqiTests";
				PRODUCT_NAME = "$(TARGET_NAME)";
				SWIFT_EMIT_LOC_STRINGS = NO;
				SWIFT_VERSION = 5.0;
				TARGETED_DEVICE_FAMILY = "1,2";
				TEST_HOST = "$(BUILT_PRODUCTS_DIR)/AR_Doushouqi.app/$(BUNDLE_EXECUTABLE_FOLDER_PATH)/AR_Doushouqi";
			};
			name = Debug;
		};
		5A3B57202C19742B00BDAD32 /* Release */ = {
			isa = XCBuildConfiguration;
			buildSettings = {
				ALWAYS_EMBED_SWIFT_STANDARD_LIBRARIES = YES;
				BUNDLE_LOADER = "$(TEST_HOST)";
				CODE_SIGN_STYLE = Automatic;
				CURRENT_PROJECT_VERSION = 1;
				GENERATE_INFOPLIST_FILE = YES;
				IPHONEOS_DEPLOYMENT_TARGET = 16.2;
				MARKETING_VERSION = 1.0;
				PRODUCT_BUNDLE_IDENTIFIER = "fr.uca.iut.AR-DoushouqiTests";
				PRODUCT_NAME = "$(TARGET_NAME)";
				SWIFT_EMIT_LOC_STRINGS = NO;
				SWIFT_VERSION = 5.0;
				TARGETED_DEVICE_FAMILY = "1,2";
				TEST_HOST = "$(BUILT_PRODUCTS_DIR)/AR_Doushouqi.app/$(BUNDLE_EXECUTABLE_FOLDER_PATH)/AR_Doushouqi";
			};
			name = Release;
		};
		5A3B57222C19742B00BDAD32 /* Debug */ = {
			isa = XCBuildConfiguration;
			buildSettings = {
				ALWAYS_EMBED_SWIFT_STANDARD_LIBRARIES = YES;
				CODE_SIGN_STYLE = Automatic;
				CURRENT_PROJECT_VERSION = 1;
				GENERATE_INFOPLIST_FILE = YES;
				MARKETING_VERSION = 1.0;
				PRODUCT_BUNDLE_IDENTIFIER = "fr.uca.iut.AR-DoushouqiUITests";
				PRODUCT_NAME = "$(TARGET_NAME)";
				SWIFT_EMIT_LOC_STRINGS = NO;
				SWIFT_VERSION = 5.0;
				TARGETED_DEVICE_FAMILY = "1,2";
				TEST_TARGET_NAME = AR_Doushouqi;
			};
			name = Debug;
		};
		5A3B57232C19742B00BDAD32 /* Release */ = {
			isa = XCBuildConfiguration;
			buildSettings = {
				ALWAYS_EMBED_SWIFT_STANDARD_LIBRARIES = YES;
				CODE_SIGN_STYLE = Automatic;
				CURRENT_PROJECT_VERSION = 1;
				GENERATE_INFOPLIST_FILE = YES;
				MARKETING_VERSION = 1.0;
				PRODUCT_BUNDLE_IDENTIFIER = "fr.uca.iut.AR-DoushouqiUITests";
				PRODUCT_NAME = "$(TARGET_NAME)";
				SWIFT_EMIT_LOC_STRINGS = NO;
				SWIFT_VERSION = 5.0;
				TARGETED_DEVICE_FAMILY = "1,2";
				TEST_TARGET_NAME = AR_Doushouqi;
			};
			name = Release;
		};
/* End XCBuildConfiguration section */

/* Begin XCConfigurationList section */
		5A3B56F02C19742900BDAD32 /* Build configuration list for PBXProject "AR_Doushouqi" */ = {
			isa = XCConfigurationList;
			buildConfigurations = (
				5A3B57192C19742B00BDAD32 /* Debug */,
				5A3B571A2C19742B00BDAD32 /* Release */,
			);
			defaultConfigurationIsVisible = 0;
			defaultConfigurationName = Release;
		};
		5A3B571B2C19742B00BDAD32 /* Build configuration list for PBXNativeTarget "AR_Doushouqi" */ = {
			isa = XCConfigurationList;
			buildConfigurations = (
				5A3B571C2C19742B00BDAD32 /* Debug */,
				5A3B571D2C19742B00BDAD32 /* Release */,
			);
			defaultConfigurationIsVisible = 0;
			defaultConfigurationName = Release;
		};
		5A3B571E2C19742B00BDAD32 /* Build configuration list for PBXNativeTarget "AR_DoushouqiTests" */ = {
			isa = XCConfigurationList;
			buildConfigurations = (
				5A3B571F2C19742B00BDAD32 /* Debug */,
				5A3B57202C19742B00BDAD32 /* Release */,
			);
			defaultConfigurationIsVisible = 0;
			defaultConfigurationName = Release;
		};
		5A3B57212C19742B00BDAD32 /* Build configuration list for PBXNativeTarget "AR_DoushouqiUITests" */ = {
			isa = XCConfigurationList;
			buildConfigurations = (
				5A3B57222C19742B00BDAD32 /* Debug */,
				5A3B57232C19742B00BDAD32 /* Release */,
			);
			defaultConfigurationIsVisible = 0;
			defaultConfigurationName = Release;
		};
/* End XCConfigurationList section */
	};
	rootObject = 5A3B56ED2C19742900BDAD32 /* Project object */;
}
