// !$*UTF8*$!
{
	archiveVersion = 1;
	classes = {
	};
	objectVersion = 56;
	objects = {

/* Begin PBXBuildFile section */
		5A11F42D2BFCD0FB00199CE6 /* UnfinishedGameComponent.swift in Sources */ = {isa = PBXBuildFile; fileRef = 5A11F42C2BFCD0FB00199CE6 /* UnfinishedGameComponent.swift */; };
		5A11F42F2BFCD16500199CE6 /* UnifinishedHistoricPage.swift in Sources */ = {isa = PBXBuildFile; fileRef = 5A11F42E2BFCD16400199CE6 /* UnifinishedHistoricPage.swift */; };
		C38044692BF5FF7200C88345 /* RankingComponent.swift in Sources */ = {isa = PBXBuildFile; fileRef = C38044682BF5FF7200C88345 /* RankingComponent.swift */; };
		C380446B2BF607CA00C88345 /* RankingPositionComponent.swift in Sources */ = {isa = PBXBuildFile; fileRef = C380446A2BF607CA00C88345 /* RankingPositionComponent.swift */; };
		C380446D2BF608D900C88345 /* RankingPage.swift in Sources */ = {isa = PBXBuildFile; fileRef = C380446C2BF608D900C88345 /* RankingPage.swift */; };
		C380446F2BF60E0000C88345 /* PlayerPage.swift in Sources */ = {isa = PBXBuildFile; fileRef = C380446E2BF60E0000C88345 /* PlayerPage.swift */; };
		C38044712BFC92D900C88345 /* TopProfileComponent.swift in Sources */ = {isa = PBXBuildFile; fileRef = C38044702BFC92D900C88345 /* TopProfileComponent.swift */; };
		C38044732BFC966D00C88345 /* HistoricComponent.swift in Sources */ = {isa = PBXBuildFile; fileRef = C38044722BFC966D00C88345 /* HistoricComponent.swift */; };
		C38044752BFCBBF400C88345 /* GamePage.swift in Sources */ = {isa = PBXBuildFile; fileRef = C38044742BFCBBF400C88345 /* GamePage.swift */; };
		C38044772BFCBC5200C88345 /* GridComponent.swift in Sources */ = {isa = PBXBuildFile; fileRef = C38044762BFCBC5200C88345 /* GridComponent.swift */; };
		C38044792BFCBC9D00C88345 /* TileComponent.swift in Sources */ = {isa = PBXBuildFile; fileRef = C38044782BFCBC9D00C88345 /* TileComponent.swift */; };
		EC420CEA2BFE12FD00C22A55 /* SpriteKitGameView.swift in Sources */ = {isa = PBXBuildFile; fileRef = EC420CE92BFE12FD00C22A55 /* SpriteKitGameView.swift */; };
		EC420CED2BFE132B00C22A55 /* GameScene.swift in Sources */ = {isa = PBXBuildFile; fileRef = EC420CEC2BFE132B00C22A55 /* GameScene.swift */; };
		EC420CEF2BFE167400C22A55 /* SpriteMeeple.swift in Sources */ = {isa = PBXBuildFile; fileRef = EC420CEE2BFE167400C22A55 /* SpriteMeeple.swift */; };
		EC420CF12BFE183600C22A55 /* DSQ.xcframework in Frameworks */ = {isa = PBXBuildFile; fileRef = EC420CF02BFE183600C22A55 /* DSQ.xcframework */; };
		EC420CF22BFE183600C22A55 /* DSQ.xcframework in Embed Frameworks */ = {isa = PBXBuildFile; fileRef = EC420CF02BFE183600C22A55 /* DSQ.xcframework */; settings = {ATTRIBUTES = (CodeSignOnCopy, RemoveHeadersOnCopy, ); }; };
		EC4FBDFE2BF5FA9D00F5410C /* DouShouQiApp.swift in Sources */ = {isa = PBXBuildFile; fileRef = EC4FBDFD2BF5FA9D00F5410C /* DouShouQiApp.swift */; };
		EC4FBE002BF5FA9D00F5410C /* ContentView.swift in Sources */ = {isa = PBXBuildFile; fileRef = EC4FBDFF2BF5FA9D00F5410C /* ContentView.swift */; };
		EC4FBE022BF5FA9E00F5410C /* Assets.xcassets in Resources */ = {isa = PBXBuildFile; fileRef = EC4FBE012BF5FA9E00F5410C /* Assets.xcassets */; };
		EC4FBE0F2BF5FA9E00F5410C /* DouShouQiTests.swift in Sources */ = {isa = PBXBuildFile; fileRef = EC4FBE0E2BF5FA9E00F5410C /* DouShouQiTests.swift */; };
		EC4FBE192BF5FA9E00F5410C /* DouShouQiUITests.swift in Sources */ = {isa = PBXBuildFile; fileRef = EC4FBE182BF5FA9E00F5410C /* DouShouQiUITests.swift */; };
		EC4FBE1B2BF5FA9E00F5410C /* DouShouQiUITestsLaunchTests.swift in Sources */ = {isa = PBXBuildFile; fileRef = EC4FBE1A2BF5FA9E00F5410C /* DouShouQiUITestsLaunchTests.swift */; };
		EC4FBE312BF60A4700F5410C /* Colors.swift in Sources */ = {isa = PBXBuildFile; fileRef = EC4FBE302BF60A4700F5410C /* Colors.swift */; };
		EC4FBE372BFC942B00F5410C /* TabViewLayout.swift in Sources */ = {isa = PBXBuildFile; fileRef = EC4FBE362BFC942B00F5410C /* TabViewLayout.swift */; };
		EC4FBE392BFC94E800F5410C /* MenuPage.swift in Sources */ = {isa = PBXBuildFile; fileRef = EC4FBE382BFC94E800F5410C /* MenuPage.swift */; };
		EC4FBE3B2BFC9A1E00F5410C /* MenuItem.swift in Sources */ = {isa = PBXBuildFile; fileRef = EC4FBE3A2BFC9A1E00F5410C /* MenuItem.swift */; };
		EC4FBE3E2BFCBE4700F5410C /* Colors.xcassets in Resources */ = {isa = PBXBuildFile; fileRef = EC4FBE3D2BFCBE4700F5410C /* Colors.xcassets */; };
		EC4FBE402BFCBE5200F5410C /* Images.xcassets in Resources */ = {isa = PBXBuildFile; fileRef = EC4FBE3F2BFCBE5200F5410C /* Images.xcassets */; };
		EC4FBE432BFCC23600F5410C /* Preview Assets.xcassets in Resources */ = {isa = PBXBuildFile; fileRef = EC4FBE422BFCC23600F5410C /* Preview Assets.xcassets */; };
/* End PBXBuildFile section */

/* Begin PBXContainerItemProxy section */
		EC4FBE0B2BF5FA9E00F5410C /* PBXContainerItemProxy */ = {
			isa = PBXContainerItemProxy;
			containerPortal = EC4FBDF22BF5FA9D00F5410C /* Project object */;
			proxyType = 1;
			remoteGlobalIDString = EC4FBDF92BF5FA9D00F5410C;
			remoteInfo = DouShouQi;
		};
		EC4FBE152BF5FA9E00F5410C /* PBXContainerItemProxy */ = {
			isa = PBXContainerItemProxy;
			containerPortal = EC4FBDF22BF5FA9D00F5410C /* Project object */;
			proxyType = 1;
			remoteGlobalIDString = EC4FBDF92BF5FA9D00F5410C;
			remoteInfo = DouShouQi;
		};
/* End PBXContainerItemProxy section */

/* Begin PBXCopyFilesBuildPhase section */
		EC420CF32BFE183600C22A55 /* Embed Frameworks */ = {
			isa = PBXCopyFilesBuildPhase;
			buildActionMask = 2147483647;
			dstPath = "";
			dstSubfolderSpec = 10;
			files = (
				EC420CF22BFE183600C22A55 /* DSQ.xcframework in Embed Frameworks */,
			);
			name = "Embed Frameworks";
			runOnlyForDeploymentPostprocessing = 0;
		};
/* End PBXCopyFilesBuildPhase section */

/* Begin PBXFileReference section */
		5A11F42C2BFCD0FB00199CE6 /* UnfinishedGameComponent.swift */ = {isa = PBXFileReference; lastKnownFileType = sourcecode.swift; path = UnfinishedGameComponent.swift; sourceTree = "<group>"; };
		5A11F42E2BFCD16400199CE6 /* UnifinishedHistoricPage.swift */ = {isa = PBXFileReference; lastKnownFileType = sourcecode.swift; path = UnifinishedHistoricPage.swift; sourceTree = "<group>"; };
		C38044682BF5FF7200C88345 /* RankingComponent.swift */ = {isa = PBXFileReference; lastKnownFileType = sourcecode.swift; path = RankingComponent.swift; sourceTree = "<group>"; };
		C380446A2BF607CA00C88345 /* RankingPositionComponent.swift */ = {isa = PBXFileReference; lastKnownFileType = sourcecode.swift; path = RankingPositionComponent.swift; sourceTree = "<group>"; };
		C380446C2BF608D900C88345 /* RankingPage.swift */ = {isa = PBXFileReference; lastKnownFileType = sourcecode.swift; path = RankingPage.swift; sourceTree = "<group>"; };
		C380446E2BF60E0000C88345 /* PlayerPage.swift */ = {isa = PBXFileReference; lastKnownFileType = sourcecode.swift; path = PlayerPage.swift; sourceTree = "<group>"; };
		C38044702BFC92D900C88345 /* TopProfileComponent.swift */ = {isa = PBXFileReference; lastKnownFileType = sourcecode.swift; path = TopProfileComponent.swift; sourceTree = "<group>"; };
		C38044722BFC966D00C88345 /* HistoricComponent.swift */ = {isa = PBXFileReference; lastKnownFileType = sourcecode.swift; path = HistoricComponent.swift; sourceTree = "<group>"; };
		C38044742BFCBBF400C88345 /* GamePage.swift */ = {isa = PBXFileReference; lastKnownFileType = sourcecode.swift; path = GamePage.swift; sourceTree = "<group>"; };
		C38044762BFCBC5200C88345 /* GridComponent.swift */ = {isa = PBXFileReference; lastKnownFileType = sourcecode.swift; path = GridComponent.swift; sourceTree = "<group>"; };
		C38044782BFCBC9D00C88345 /* TileComponent.swift */ = {isa = PBXFileReference; lastKnownFileType = sourcecode.swift; path = TileComponent.swift; sourceTree = "<group>"; };
		EC420CE92BFE12FD00C22A55 /* SpriteKitGameView.swift */ = {isa = PBXFileReference; lastKnownFileType = sourcecode.swift; path = SpriteKitGameView.swift; sourceTree = "<group>"; };
		EC420CEC2BFE132B00C22A55 /* GameScene.swift */ = {isa = PBXFileReference; lastKnownFileType = sourcecode.swift; path = GameScene.swift; sourceTree = "<group>"; };
		EC420CEE2BFE167400C22A55 /* SpriteMeeple.swift */ = {isa = PBXFileReference; lastKnownFileType = sourcecode.swift; path = SpriteMeeple.swift; sourceTree = "<group>"; };
		EC420CF02BFE183600C22A55 /* DSQ.xcframework */ = {isa = PBXFileReference; lastKnownFileType = wrapper.xcframework; name = DSQ.xcframework; path = ../../SwiftUI_ARKit_2024/XCFramework/DSQ.xcframework; sourceTree = "<group>"; };
		EC4FBDFA2BF5FA9D00F5410C /* DouShouQi.app */ = {isa = PBXFileReference; explicitFileType = wrapper.application; includeInIndex = 0; path = DouShouQi.app; sourceTree = BUILT_PRODUCTS_DIR; };
		EC4FBDFD2BF5FA9D00F5410C /* DouShouQiApp.swift */ = {isa = PBXFileReference; lastKnownFileType = sourcecode.swift; path = DouShouQiApp.swift; sourceTree = "<group>"; };
		EC4FBDFF2BF5FA9D00F5410C /* ContentView.swift */ = {isa = PBXFileReference; lastKnownFileType = sourcecode.swift; path = ContentView.swift; sourceTree = "<group>"; };
		EC4FBE012BF5FA9E00F5410C /* Assets.xcassets */ = {isa = PBXFileReference; lastKnownFileType = folder.assetcatalog; path = Assets.xcassets; sourceTree = "<group>"; };
		EC4FBE0A2BF5FA9E00F5410C /* DouShouQiTests.xctest */ = {isa = PBXFileReference; explicitFileType = wrapper.cfbundle; includeInIndex = 0; path = DouShouQiTests.xctest; sourceTree = BUILT_PRODUCTS_DIR; };
		EC4FBE0E2BF5FA9E00F5410C /* DouShouQiTests.swift */ = {isa = PBXFileReference; lastKnownFileType = sourcecode.swift; path = DouShouQiTests.swift; sourceTree = "<group>"; };
		EC4FBE142BF5FA9E00F5410C /* DouShouQiUITests.xctest */ = {isa = PBXFileReference; explicitFileType = wrapper.cfbundle; includeInIndex = 0; path = DouShouQiUITests.xctest; sourceTree = BUILT_PRODUCTS_DIR; };
		EC4FBE182BF5FA9E00F5410C /* DouShouQiUITests.swift */ = {isa = PBXFileReference; lastKnownFileType = sourcecode.swift; path = DouShouQiUITests.swift; sourceTree = "<group>"; };
		EC4FBE1A2BF5FA9E00F5410C /* DouShouQiUITestsLaunchTests.swift */ = {isa = PBXFileReference; lastKnownFileType = sourcecode.swift; path = DouShouQiUITestsLaunchTests.swift; sourceTree = "<group>"; };
		EC4FBE2D2BF6003F00F5410C /* DSQ.xcframework */ = {isa = PBXFileReference; lastKnownFileType = wrapper.xcframework; path = DSQ.xcframework; sourceTree = "<group>"; };
		EC4FBE302BF60A4700F5410C /* Colors.swift */ = {isa = PBXFileReference; lastKnownFileType = sourcecode.swift; path = Colors.swift; sourceTree = "<group>"; };
		EC4FBE362BFC942B00F5410C /* TabViewLayout.swift */ = {isa = PBXFileReference; lastKnownFileType = sourcecode.swift; path = TabViewLayout.swift; sourceTree = "<group>"; };
		EC4FBE382BFC94E800F5410C /* MenuPage.swift */ = {isa = PBXFileReference; lastKnownFileType = sourcecode.swift; path = MenuPage.swift; sourceTree = "<group>"; };
		EC4FBE3A2BFC9A1E00F5410C /* MenuItem.swift */ = {isa = PBXFileReference; lastKnownFileType = sourcecode.swift; path = MenuItem.swift; sourceTree = "<group>"; };
		EC4FBE3D2BFCBE4700F5410C /* Colors.xcassets */ = {isa = PBXFileReference; lastKnownFileType = folder.assetcatalog; path = Colors.xcassets; sourceTree = "<group>"; };
		EC4FBE3F2BFCBE5200F5410C /* Images.xcassets */ = {isa = PBXFileReference; lastKnownFileType = folder.assetcatalog; path = Images.xcassets; sourceTree = "<group>"; };
		EC4FBE422BFCC23600F5410C /* Preview Assets.xcassets */ = {isa = PBXFileReference; lastKnownFileType = folder.assetcatalog; path = "Preview Assets.xcassets"; sourceTree = "<group>"; };
/* End PBXFileReference section */

/* Begin PBXFrameworksBuildPhase section */
		EC4FBDF72BF5FA9D00F5410C /* Frameworks */ = {
			isa = PBXFrameworksBuildPhase;
			buildActionMask = 2147483647;
			files = (
				EC420CF12BFE183600C22A55 /* DSQ.xcframework in Frameworks */,
			);
			runOnlyForDeploymentPostprocessing = 0;
		};
		EC4FBE072BF5FA9E00F5410C /* Frameworks */ = {
			isa = PBXFrameworksBuildPhase;
			buildActionMask = 2147483647;
			files = (
			);
			runOnlyForDeploymentPostprocessing = 0;
		};
		EC4FBE112BF5FA9E00F5410C /* Frameworks */ = {
			isa = PBXFrameworksBuildPhase;
			buildActionMask = 2147483647;
			files = (
			);
			runOnlyForDeploymentPostprocessing = 0;
		};
/* End PBXFrameworksBuildPhase section */

/* Begin PBXGroup section */
		EC420CEB2BFE131100C22A55 /* Scene */ = {
			isa = PBXGroup;
			children = (
				EC420CEC2BFE132B00C22A55 /* GameScene.swift */,
				EC420CEE2BFE167400C22A55 /* SpriteMeeple.swift */,
			);
			path = Scene;
			sourceTree = "<group>";
		};
		EC4FBDF12BF5FA9D00F5410C = {
			isa = PBXGroup;
			children = (
				EC4FBDFC2BF5FA9D00F5410C /* DouShouQi */,
				EC4FBE0D2BF5FA9E00F5410C /* DouShouQiTests */,
				EC4FBE172BF5FA9E00F5410C /* DouShouQiUITests */,
				EC4FBDFB2BF5FA9D00F5410C /* Products */,
				EC4FBE2C2BF6003F00F5410C /* Frameworks */,
			);
			sourceTree = "<group>";
		};
		EC4FBDFB2BF5FA9D00F5410C /* Products */ = {
			isa = PBXGroup;
			children = (
				EC4FBDFA2BF5FA9D00F5410C /* DouShouQi.app */,
				EC4FBE0A2BF5FA9E00F5410C /* DouShouQiTests.xctest */,
				EC4FBE142BF5FA9E00F5410C /* DouShouQiUITests.xctest */,
			);
			name = Products;
			sourceTree = "<group>";
		};
		EC4FBDFC2BF5FA9D00F5410C /* DouShouQi */ = {
			isa = PBXGroup;
			children = (
				EC4FBE412BFCC20C00F5410C /* Preview Content */,
				EC4FBE3C2BFCBE2C00F5410C /* Assets */,
				EC4FBE322BFC93FC00F5410C /* Views */,
				EC4FBDFD2BF5FA9D00F5410C /* DouShouQiApp.swift */,
				EC4FBDFF2BF5FA9D00F5410C /* ContentView.swift */,
				EC4FBE012BF5FA9E00F5410C /* Assets.xcassets */,
				EC4FBE302BF60A4700F5410C /* Colors.swift */,
			);
			path = DouShouQi;
			sourceTree = "<group>";
		};
		EC4FBE0D2BF5FA9E00F5410C /* DouShouQiTests */ = {
			isa = PBXGroup;
			children = (
				EC4FBE0E2BF5FA9E00F5410C /* DouShouQiTests.swift */,
			);
			path = DouShouQiTests;
			sourceTree = "<group>";
		};
		EC4FBE172BF5FA9E00F5410C /* DouShouQiUITests */ = {
			isa = PBXGroup;
			children = (
				EC4FBE182BF5FA9E00F5410C /* DouShouQiUITests.swift */,
				EC4FBE1A2BF5FA9E00F5410C /* DouShouQiUITestsLaunchTests.swift */,
			);
			path = DouShouQiUITests;
			sourceTree = "<group>";
		};
		EC4FBE2C2BF6003F00F5410C /* Frameworks */ = {
			isa = PBXGroup;
			children = (
				EC420CF02BFE183600C22A55 /* DSQ.xcframework */,
				EC4FBE2D2BF6003F00F5410C /* DSQ.xcframework */,
			);
			name = Frameworks;
			sourceTree = "<group>";
		};
		EC4FBE322BFC93FC00F5410C /* Views */ = {
			isa = PBXGroup;
			children = (
				EC420CEB2BFE131100C22A55 /* Scene */,
				EC4FBE352BFC941000F5410C /* Layout */,
				EC4FBE342BFC940B00F5410C /* Components */,
				EC4FBE332BFC940400F5410C /* Pages */,
			);
			path = Views;
			sourceTree = "<group>";
		};
		EC4FBE332BFC940400F5410C /* Pages */ = {
			isa = PBXGroup;
			children = (
				EC4FBE382BFC94E800F5410C /* MenuPage.swift */,
				C380446C2BF608D900C88345 /* RankingPage.swift */,
				C380446E2BF60E0000C88345 /* PlayerPage.swift */,
				C38044742BFCBBF400C88345 /* GamePage.swift */,
				5A11F42E2BFCD16400199CE6 /* UnifinishedHistoricPage.swift */,
				EC420CE92BFE12FD00C22A55 /* SpriteKitGameView.swift */,
			);
			path = Pages;
			sourceTree = "<group>";
		};
		EC4FBE342BFC940B00F5410C /* Components */ = {
			isa = PBXGroup;
			children = (
				EC4FBE3A2BFC9A1E00F5410C /* MenuItem.swift */,
				C38044682BF5FF7200C88345 /* RankingComponent.swift */,
				C380446A2BF607CA00C88345 /* RankingPositionComponent.swift */,
				C38044702BFC92D900C88345 /* TopProfileComponent.swift */,
				C38044722BFC966D00C88345 /* HistoricComponent.swift */,
				C38044762BFCBC5200C88345 /* GridComponent.swift */,
				C38044782BFCBC9D00C88345 /* TileComponent.swift */,
				5A11F42C2BFCD0FB00199CE6 /* UnfinishedGameComponent.swift */,
			);
			path = Components;
			sourceTree = "<group>";
		};
		EC4FBE352BFC941000F5410C /* Layout */ = {
			isa = PBXGroup;
			children = (
				EC4FBE362BFC942B00F5410C /* TabViewLayout.swift */,
			);
			path = Layout;
			sourceTree = "<group>";
		};
		EC4FBE3C2BFCBE2C00F5410C /* Assets */ = {
			isa = PBXGroup;
			children = (
				EC4FBE3D2BFCBE4700F5410C /* Colors.xcassets */,
				EC4FBE3F2BFCBE5200F5410C /* Images.xcassets */,
			);
			path = Assets;
			sourceTree = "<group>";
		};
		EC4FBE412BFCC20C00F5410C /* Preview Content */ = {
			isa = PBXGroup;
			children = (
				EC4FBE422BFCC23600F5410C /* Preview Assets.xcassets */,
			);
			path = "Preview Content";
			sourceTree = "<group>";
		};
/* End PBXGroup section */

/* Begin PBXNativeTarget section */
		EC4FBDF92BF5FA9D00F5410C /* DouShouQi */ = {
			isa = PBXNativeTarget;
			buildConfigurationList = EC4FBE1E2BF5FA9E00F5410C /* Build configuration list for PBXNativeTarget "DouShouQi" */;
			buildPhases = (
				EC4FBDF62BF5FA9D00F5410C /* Sources */,
				EC4FBDF72BF5FA9D00F5410C /* Frameworks */,
				EC4FBDF82BF5FA9D00F5410C /* Resources */,
				EC420CF32BFE183600C22A55 /* Embed Frameworks */,
			);
			buildRules = (
			);
			dependencies = (
			);
			name = DouShouQi;
			productName = DouShouQi;
			productReference = EC4FBDFA2BF5FA9D00F5410C /* DouShouQi.app */;
			productType = "com.apple.product-type.application";
		};
		EC4FBE092BF5FA9E00F5410C /* DouShouQiTests */ = {
			isa = PBXNativeTarget;
			buildConfigurationList = EC4FBE212BF5FA9E00F5410C /* Build configuration list for PBXNativeTarget "DouShouQiTests" */;
			buildPhases = (
				EC4FBE062BF5FA9E00F5410C /* Sources */,
				EC4FBE072BF5FA9E00F5410C /* Frameworks */,
				EC4FBE082BF5FA9E00F5410C /* Resources */,
			);
			buildRules = (
			);
			dependencies = (
				EC4FBE0C2BF5FA9E00F5410C /* PBXTargetDependency */,
			);
			name = DouShouQiTests;
			productName = DouShouQiTests;
			productReference = EC4FBE0A2BF5FA9E00F5410C /* DouShouQiTests.xctest */;
			productType = "com.apple.product-type.bundle.unit-test";
		};
		EC4FBE132BF5FA9E00F5410C /* DouShouQiUITests */ = {
			isa = PBXNativeTarget;
			buildConfigurationList = EC4FBE242BF5FA9E00F5410C /* Build configuration list for PBXNativeTarget "DouShouQiUITests" */;
			buildPhases = (
				EC4FBE102BF5FA9E00F5410C /* Sources */,
				EC4FBE112BF5FA9E00F5410C /* Frameworks */,
				EC4FBE122BF5FA9E00F5410C /* Resources */,
			);
			buildRules = (
			);
			dependencies = (
				EC4FBE162BF5FA9E00F5410C /* PBXTargetDependency */,
			);
			name = DouShouQiUITests;
			productName = DouShouQiUITests;
			productReference = EC4FBE142BF5FA9E00F5410C /* DouShouQiUITests.xctest */;
			productType = "com.apple.product-type.bundle.ui-testing";
		};
/* End PBXNativeTarget section */

/* Begin PBXProject section */
		EC4FBDF22BF5FA9D00F5410C /* Project object */ = {
			isa = PBXProject;
			attributes = {
				BuildIndependentTargetsInParallel = 1;
				LastSwiftUpdateCheck = 1510;
				LastUpgradeCheck = 1510;
				TargetAttributes = {
					EC4FBDF92BF5FA9D00F5410C = {
						CreatedOnToolsVersion = 15.1;
					};
					EC4FBE092BF5FA9E00F5410C = {
						CreatedOnToolsVersion = 15.1;
						TestTargetID = EC4FBDF92BF5FA9D00F5410C;
					};
					EC4FBE132BF5FA9E00F5410C = {
						CreatedOnToolsVersion = 15.1;
						TestTargetID = EC4FBDF92BF5FA9D00F5410C;
					};
				};
			};
			buildConfigurationList = EC4FBDF52BF5FA9D00F5410C /* Build configuration list for PBXProject "DouShouQi" */;
			compatibilityVersion = "Xcode 14.0";
			developmentRegion = en;
			hasScannedForEncodings = 0;
			knownRegions = (
				en,
				Base,
			);
			mainGroup = EC4FBDF12BF5FA9D00F5410C;
			productRefGroup = EC4FBDFB2BF5FA9D00F5410C /* Products */;
			projectDirPath = "";
			projectRoot = "";
			targets = (
				EC4FBDF92BF5FA9D00F5410C /* DouShouQi */,
				EC4FBE092BF5FA9E00F5410C /* DouShouQiTests */,
				EC4FBE132BF5FA9E00F5410C /* DouShouQiUITests */,
			);
		};
/* End PBXProject section */

/* Begin PBXResourcesBuildPhase section */
		EC4FBDF82BF5FA9D00F5410C /* Resources */ = {
			isa = PBXResourcesBuildPhase;
			buildActionMask = 2147483647;
			files = (
				EC4FBE432BFCC23600F5410C /* Preview Assets.xcassets in Resources */,
				EC4FBE3E2BFCBE4700F5410C /* Colors.xcassets in Resources */,
				EC4FBE402BFCBE5200F5410C /* Images.xcassets in Resources */,
				EC4FBE022BF5FA9E00F5410C /* Assets.xcassets in Resources */,
			);
			runOnlyForDeploymentPostprocessing = 0;
		};
		EC4FBE082BF5FA9E00F5410C /* Resources */ = {
			isa = PBXResourcesBuildPhase;
			buildActionMask = 2147483647;
			files = (
			);
			runOnlyForDeploymentPostprocessing = 0;
		};
		EC4FBE122BF5FA9E00F5410C /* Resources */ = {
			isa = PBXResourcesBuildPhase;
			buildActionMask = 2147483647;
			files = (
			);
			runOnlyForDeploymentPostprocessing = 0;
		};
/* End PBXResourcesBuildPhase section */

/* Begin PBXSourcesBuildPhase section */
		EC4FBDF62BF5FA9D00F5410C /* Sources */ = {
			isa = PBXSourcesBuildPhase;
			buildActionMask = 2147483647;
			files = (
				5A11F42F2BFCD16500199CE6 /* UnifinishedHistoricPage.swift in Sources */,
				EC4FBE002BF5FA9D00F5410C /* ContentView.swift in Sources */,
				5A11F42D2BFCD0FB00199CE6 /* UnfinishedGameComponent.swift in Sources */,
				EC4FBE312BF60A4700F5410C /* Colors.swift in Sources */,
				EC4FBE372BFC942B00F5410C /* TabViewLayout.swift in Sources */,
				EC4FBE3B2BFC9A1E00F5410C /* MenuItem.swift in Sources */,
				EC4FBDFE2BF5FA9D00F5410C /* DouShouQiApp.swift in Sources */,
				EC4FBE392BFC94E800F5410C /* MenuPage.swift in Sources */,
				C380446D2BF608D900C88345 /* RankingPage.swift in Sources */,
				C38044732BFC966D00C88345 /* HistoricComponent.swift in Sources */,
				C38044692BF5FF7200C88345 /* RankingComponent.swift in Sources */,
				C38044772BFCBC5200C88345 /* GridComponent.swift in Sources */,
				C380446D2BF608D900C88345 /* RankingPage.swift in Sources */,
				C38044732BFC966D00C88345 /* HistoricComponent.swift in Sources */,
				C38044692BF5FF7200C88345 /* RankingComponent.swift in Sources */,
				C38044752BFCBBF400C88345 /* GamePage.swift in Sources */,
				EC4FBDFE2BF5FA9D00F5410C /* DouShouQiApp.swift in Sources */,
				EC420CED2BFE132B00C22A55 /* GameScene.swift in Sources */,
				C380446B2BF607CA00C88345 /* RankingPositionComponent.swift in Sources */,
				EC420CEF2BFE167400C22A55 /* SpriteMeeple.swift in Sources */,
				C380446F2BF60E0000C88345 /* PlayerPage.swift in Sources */,
				C38044792BFCBC9D00C88345 /* TileComponent.swift in Sources */,
				EC420CEA2BFE12FD00C22A55 /* SpriteKitGameView.swift in Sources */,
				C38044712BFC92D900C88345 /* TopProfileComponent.swift in Sources */,
			);
			runOnlyForDeploymentPostprocessing = 0;
		};
		EC4FBE062BF5FA9E00F5410C /* Sources */ = {
			isa = PBXSourcesBuildPhase;
			buildActionMask = 2147483647;
			files = (
				EC4FBE0F2BF5FA9E00F5410C /* DouShouQiTests.swift in Sources */,
			);
			runOnlyForDeploymentPostprocessing = 0;
		};
		EC4FBE102BF5FA9E00F5410C /* Sources */ = {
			isa = PBXSourcesBuildPhase;
			buildActionMask = 2147483647;
			files = (
				EC4FBE1B2BF5FA9E00F5410C /* DouShouQiUITestsLaunchTests.swift in Sources */,
				EC4FBE192BF5FA9E00F5410C /* DouShouQiUITests.swift in Sources */,
			);
			runOnlyForDeploymentPostprocessing = 0;
		};
/* End PBXSourcesBuildPhase section */

/* Begin PBXTargetDependency section */
		EC4FBE0C2BF5FA9E00F5410C /* PBXTargetDependency */ = {
			isa = PBXTargetDependency;
			target = EC4FBDF92BF5FA9D00F5410C /* DouShouQi */;
			targetProxy = EC4FBE0B2BF5FA9E00F5410C /* PBXContainerItemProxy */;
		};
		EC4FBE162BF5FA9E00F5410C /* PBXTargetDependency */ = {
			isa = PBXTargetDependency;
			target = EC4FBDF92BF5FA9D00F5410C /* DouShouQi */;
			targetProxy = EC4FBE152BF5FA9E00F5410C /* PBXContainerItemProxy */;
		};
/* End PBXTargetDependency section */

/* Begin XCBuildConfiguration section */
		EC4FBE1C2BF5FA9E00F5410C /* Debug */ = {
			isa = XCBuildConfiguration;
			buildSettings = {
				ALWAYS_SEARCH_USER_PATHS = NO;
				ASSETCATALOG_COMPILER_GENERATE_SWIFT_ASSET_SYMBOL_EXTENSIONS = YES;
				CLANG_ANALYZER_NONNULL = YES;
				CLANG_ANALYZER_NUMBER_OBJECT_CONVERSION = YES_AGGRESSIVE;
				CLANG_CXX_LANGUAGE_STANDARD = "gnu++20";
				CLANG_ENABLE_MODULES = YES;
				CLANG_ENABLE_OBJC_ARC = YES;
				CLANG_ENABLE_OBJC_WEAK = YES;
				CLANG_WARN_BLOCK_CAPTURE_AUTORELEASING = YES;
				CLANG_WARN_BOOL_CONVERSION = YES;
				CLANG_WARN_COMMA = YES;
				CLANG_WARN_CONSTANT_CONVERSION = YES;
				CLANG_WARN_DEPRECATED_OBJC_IMPLEMENTATIONS = YES;
				CLANG_WARN_DIRECT_OBJC_ISA_USAGE = YES_ERROR;
				CLANG_WARN_DOCUMENTATION_COMMENTS = YES;
				CLANG_WARN_EMPTY_BODY = YES;
				CLANG_WARN_ENUM_CONVERSION = YES;
				CLANG_WARN_INFINITE_RECURSION = YES;
				CLANG_WARN_INT_CONVERSION = YES;
				CLANG_WARN_NON_LITERAL_NULL_CONVERSION = YES;
				CLANG_WARN_OBJC_IMPLICIT_RETAIN_SELF = YES;
				CLANG_WARN_OBJC_LITERAL_CONVERSION = YES;
				CLANG_WARN_OBJC_ROOT_CLASS = YES_ERROR;
				CLANG_WARN_QUOTED_INCLUDE_IN_FRAMEWORK_HEADER = YES;
				CLANG_WARN_RANGE_LOOP_ANALYSIS = YES;
				CLANG_WARN_STRICT_PROTOTYPES = YES;
				CLANG_WARN_SUSPICIOUS_MOVE = YES;
				CLANG_WARN_UNGUARDED_AVAILABILITY = YES_AGGRESSIVE;
				CLANG_WARN_UNREACHABLE_CODE = YES;
				CLANG_WARN__DUPLICATE_METHOD_MATCH = YES;
				COPY_PHASE_STRIP = NO;
				DEBUG_INFORMATION_FORMAT = dwarf;
				ENABLE_STRICT_OBJC_MSGSEND = YES;
				ENABLE_TESTABILITY = YES;
				ENABLE_USER_SCRIPT_SANDBOXING = YES;
				GCC_C_LANGUAGE_STANDARD = gnu17;
				GCC_DYNAMIC_NO_PIC = NO;
				GCC_NO_COMMON_BLOCKS = YES;
				GCC_OPTIMIZATION_LEVEL = 0;
				GCC_PREPROCESSOR_DEFINITIONS = (
					"DEBUG=1",
					"$(inherited)",
				);
				GCC_WARN_64_TO_32_BIT_CONVERSION = YES;
				GCC_WARN_ABOUT_RETURN_TYPE = YES_ERROR;
				GCC_WARN_UNDECLARED_SELECTOR = YES;
				GCC_WARN_UNINITIALIZED_AUTOS = YES_AGGRESSIVE;
				GCC_WARN_UNUSED_FUNCTION = YES;
				GCC_WARN_UNUSED_VARIABLE = YES;
				IPHONEOS_DEPLOYMENT_TARGET = 16.2;
				LOCALIZATION_PREFERS_STRING_CATALOGS = YES;
				MTL_ENABLE_DEBUG_INFO = INCLUDE_SOURCE;
				MTL_FAST_MATH = YES;
				ONLY_ACTIVE_ARCH = YES;
				SDKROOT = iphoneos;
				SWIFT_ACTIVE_COMPILATION_CONDITIONS = "DEBUG $(inherited)";
				SWIFT_OPTIMIZATION_LEVEL = "-Onone";
			};
			name = Debug;
		};
		EC4FBE1D2BF5FA9E00F5410C /* Release */ = {
			isa = XCBuildConfiguration;
			buildSettings = {
				ALWAYS_SEARCH_USER_PATHS = NO;
				ASSETCATALOG_COMPILER_GENERATE_SWIFT_ASSET_SYMBOL_EXTENSIONS = YES;
				CLANG_ANALYZER_NONNULL = YES;
				CLANG_ANALYZER_NUMBER_OBJECT_CONVERSION = YES_AGGRESSIVE;
				CLANG_CXX_LANGUAGE_STANDARD = "gnu++20";
				CLANG_ENABLE_MODULES = YES;
				CLANG_ENABLE_OBJC_ARC = YES;
				CLANG_ENABLE_OBJC_WEAK = YES;
				CLANG_WARN_BLOCK_CAPTURE_AUTORELEASING = YES;
				CLANG_WARN_BOOL_CONVERSION = YES;
				CLANG_WARN_COMMA = YES;
				CLANG_WARN_CONSTANT_CONVERSION = YES;
				CLANG_WARN_DEPRECATED_OBJC_IMPLEMENTATIONS = YES;
				CLANG_WARN_DIRECT_OBJC_ISA_USAGE = YES_ERROR;
				CLANG_WARN_DOCUMENTATION_COMMENTS = YES;
				CLANG_WARN_EMPTY_BODY = YES;
				CLANG_WARN_ENUM_CONVERSION = YES;
				CLANG_WARN_INFINITE_RECURSION = YES;
				CLANG_WARN_INT_CONVERSION = YES;
				CLANG_WARN_NON_LITERAL_NULL_CONVERSION = YES;
				CLANG_WARN_OBJC_IMPLICIT_RETAIN_SELF = YES;
				CLANG_WARN_OBJC_LITERAL_CONVERSION = YES;
				CLANG_WARN_OBJC_ROOT_CLASS = YES_ERROR;
				CLANG_WARN_QUOTED_INCLUDE_IN_FRAMEWORK_HEADER = YES;
				CLANG_WARN_RANGE_LOOP_ANALYSIS = YES;
				CLANG_WARN_STRICT_PROTOTYPES = YES;
				CLANG_WARN_SUSPICIOUS_MOVE = YES;
				CLANG_WARN_UNGUARDED_AVAILABILITY = YES_AGGRESSIVE;
				CLANG_WARN_UNREACHABLE_CODE = YES;
				CLANG_WARN__DUPLICATE_METHOD_MATCH = YES;
				COPY_PHASE_STRIP = NO;
				DEBUG_INFORMATION_FORMAT = "dwarf-with-dsym";
				ENABLE_NS_ASSERTIONS = NO;
				ENABLE_STRICT_OBJC_MSGSEND = YES;
				ENABLE_USER_SCRIPT_SANDBOXING = YES;
				GCC_C_LANGUAGE_STANDARD = gnu17;
				GCC_NO_COMMON_BLOCKS = YES;
				GCC_WARN_64_TO_32_BIT_CONVERSION = YES;
				GCC_WARN_ABOUT_RETURN_TYPE = YES_ERROR;
				GCC_WARN_UNDECLARED_SELECTOR = YES;
				GCC_WARN_UNINITIALIZED_AUTOS = YES_AGGRESSIVE;
				GCC_WARN_UNUSED_FUNCTION = YES;
				GCC_WARN_UNUSED_VARIABLE = YES;
				IPHONEOS_DEPLOYMENT_TARGET = 16.2;
				LOCALIZATION_PREFERS_STRING_CATALOGS = YES;
				MTL_ENABLE_DEBUG_INFO = NO;
				MTL_FAST_MATH = YES;
				SDKROOT = iphoneos;
				SWIFT_COMPILATION_MODE = wholemodule;
				VALIDATE_PRODUCT = YES;
			};
			name = Release;
		};
		EC4FBE1F2BF5FA9E00F5410C /* Debug */ = {
			isa = XCBuildConfiguration;
			buildSettings = {
				ASSETCATALOG_COMPILER_APPICON_NAME = AppIcon;
				ASSETCATALOG_COMPILER_GLOBAL_ACCENT_COLOR_NAME = AccentColor;
				CODE_SIGN_STYLE = Automatic;
				CURRENT_PROJECT_VERSION = 1;
				DEVELOPMENT_ASSET_PATHS = "\"DouShouQi/Preview Content\"";
				ENABLE_PREVIEWS = YES;
				GENERATE_INFOPLIST_FILE = YES;
				INFOPLIST_KEY_UIApplicationSceneManifest_Generation = YES;
				INFOPLIST_KEY_UIApplicationSupportsIndirectInputEvents = YES;
				INFOPLIST_KEY_UILaunchScreen_Generation = YES;
				INFOPLIST_KEY_UISupportedInterfaceOrientations_iPad = "UIInterfaceOrientationPortrait UIInterfaceOrientationPortraitUpsideDown UIInterfaceOrientationLandscapeLeft UIInterfaceOrientationLandscapeRight";
				INFOPLIST_KEY_UISupportedInterfaceOrientations_iPhone = "UIInterfaceOrientationPortrait UIInterfaceOrientationLandscapeLeft UIInterfaceOrientationLandscapeRight";
				IPHONEOS_DEPLOYMENT_TARGET = 16.2;
				LD_RUNPATH_SEARCH_PATHS = (
					"$(inherited)",
					"@executable_path/Frameworks",
				);
				MARKETING_VERSION = 1.0;
				PRODUCT_BUNDLE_IDENTIFIER = fr.uca.iut.DouShouQi;
				PRODUCT_NAME = "$(TARGET_NAME)";
				SWIFT_EMIT_LOC_STRINGS = YES;
				SWIFT_VERSION = 5.0;
				TARGETED_DEVICE_FAMILY = "1,2";
			};
			name = Debug;
		};
		EC4FBE202BF5FA9E00F5410C /* Release */ = {
			isa = XCBuildConfiguration;
			buildSettings = {
				ASSETCATALOG_COMPILER_APPICON_NAME = AppIcon;
				ASSETCATALOG_COMPILER_GLOBAL_ACCENT_COLOR_NAME = AccentColor;
				CODE_SIGN_STYLE = Automatic;
				CURRENT_PROJECT_VERSION = 1;
				DEVELOPMENT_ASSET_PATHS = "\"DouShouQi/Preview Content\"";
				ENABLE_PREVIEWS = YES;
				GENERATE_INFOPLIST_FILE = YES;
				INFOPLIST_KEY_UIApplicationSceneManifest_Generation = YES;
				INFOPLIST_KEY_UIApplicationSupportsIndirectInputEvents = YES;
				INFOPLIST_KEY_UILaunchScreen_Generation = YES;
				INFOPLIST_KEY_UISupportedInterfaceOrientations_iPad = "UIInterfaceOrientationPortrait UIInterfaceOrientationPortraitUpsideDown UIInterfaceOrientationLandscapeLeft UIInterfaceOrientationLandscapeRight";
				INFOPLIST_KEY_UISupportedInterfaceOrientations_iPhone = "UIInterfaceOrientationPortrait UIInterfaceOrientationLandscapeLeft UIInterfaceOrientationLandscapeRight";
				IPHONEOS_DEPLOYMENT_TARGET = 16.2;
				LD_RUNPATH_SEARCH_PATHS = (
					"$(inherited)",
					"@executable_path/Frameworks",
				);
				MARKETING_VERSION = 1.0;
				PRODUCT_BUNDLE_IDENTIFIER = fr.uca.iut.DouShouQi;
				PRODUCT_NAME = "$(TARGET_NAME)";
				SWIFT_EMIT_LOC_STRINGS = YES;
				SWIFT_VERSION = 5.0;
				TARGETED_DEVICE_FAMILY = "1,2";
			};
			name = Release;
		};
		EC4FBE222BF5FA9E00F5410C /* Debug */ = {
			isa = XCBuildConfiguration;
			buildSettings = {
				ALWAYS_EMBED_SWIFT_STANDARD_LIBRARIES = YES;
				BUNDLE_LOADER = "$(TEST_HOST)";
				CODE_SIGN_STYLE = Automatic;
				CURRENT_PROJECT_VERSION = 1;
				GENERATE_INFOPLIST_FILE = YES;
				IPHONEOS_DEPLOYMENT_TARGET = 17.2;
				MARKETING_VERSION = 1.0;
				PRODUCT_BUNDLE_IDENTIFIER = fr.uca.iut.DouShouQiTests;
				PRODUCT_NAME = "$(TARGET_NAME)";
				SWIFT_EMIT_LOC_STRINGS = NO;
				SWIFT_VERSION = 5.0;
				TARGETED_DEVICE_FAMILY = "1,2";
				TEST_HOST = "$(BUILT_PRODUCTS_DIR)/DouShouQi.app/$(BUNDLE_EXECUTABLE_FOLDER_PATH)/DouShouQi";
			};
			name = Debug;
		};
		EC4FBE232BF5FA9E00F5410C /* Release */ = {
			isa = XCBuildConfiguration;
			buildSettings = {
				ALWAYS_EMBED_SWIFT_STANDARD_LIBRARIES = YES;
				BUNDLE_LOADER = "$(TEST_HOST)";
				CODE_SIGN_STYLE = Automatic;
				CURRENT_PROJECT_VERSION = 1;
				GENERATE_INFOPLIST_FILE = YES;
				IPHONEOS_DEPLOYMENT_TARGET = 17.2;
				MARKETING_VERSION = 1.0;
				PRODUCT_BUNDLE_IDENTIFIER = fr.uca.iut.DouShouQiTests;
				PRODUCT_NAME = "$(TARGET_NAME)";
				SWIFT_EMIT_LOC_STRINGS = NO;
				SWIFT_VERSION = 5.0;
				TARGETED_DEVICE_FAMILY = "1,2";
				TEST_HOST = "$(BUILT_PRODUCTS_DIR)/DouShouQi.app/$(BUNDLE_EXECUTABLE_FOLDER_PATH)/DouShouQi";
			};
			name = Release;
		};
		EC4FBE252BF5FA9E00F5410C /* Debug */ = {
			isa = XCBuildConfiguration;
			buildSettings = {
				ALWAYS_EMBED_SWIFT_STANDARD_LIBRARIES = YES;
				CODE_SIGN_STYLE = Automatic;
				CURRENT_PROJECT_VERSION = 1;
				GENERATE_INFOPLIST_FILE = YES;
				MARKETING_VERSION = 1.0;
				PRODUCT_BUNDLE_IDENTIFIER = fr.uca.iut.DouShouQiUITests;
				PRODUCT_NAME = "$(TARGET_NAME)";
				SWIFT_EMIT_LOC_STRINGS = NO;
				SWIFT_VERSION = 5.0;
				TARGETED_DEVICE_FAMILY = "1,2";
				TEST_TARGET_NAME = DouShouQi;
			};
			name = Debug;
		};
		EC4FBE262BF5FA9E00F5410C /* Release */ = {
			isa = XCBuildConfiguration;
			buildSettings = {
				ALWAYS_EMBED_SWIFT_STANDARD_LIBRARIES = YES;
				CODE_SIGN_STYLE = Automatic;
				CURRENT_PROJECT_VERSION = 1;
				GENERATE_INFOPLIST_FILE = YES;
				MARKETING_VERSION = 1.0;
				PRODUCT_BUNDLE_IDENTIFIER = fr.uca.iut.DouShouQiUITests;
				PRODUCT_NAME = "$(TARGET_NAME)";
				SWIFT_EMIT_LOC_STRINGS = NO;
				SWIFT_VERSION = 5.0;
				TARGETED_DEVICE_FAMILY = "1,2";
				TEST_TARGET_NAME = DouShouQi;
			};
			name = Release;
		};
/* End XCBuildConfiguration section */

/* Begin XCConfigurationList section */
		EC4FBDF52BF5FA9D00F5410C /* Build configuration list for PBXProject "DouShouQi" */ = {
			isa = XCConfigurationList;
			buildConfigurations = (
				EC4FBE1C2BF5FA9E00F5410C /* Debug */,
				EC4FBE1D2BF5FA9E00F5410C /* Release */,
			);
			defaultConfigurationIsVisible = 0;
			defaultConfigurationName = Release;
		};
		EC4FBE1E2BF5FA9E00F5410C /* Build configuration list for PBXNativeTarget "DouShouQi" */ = {
			isa = XCConfigurationList;
			buildConfigurations = (
				EC4FBE1F2BF5FA9E00F5410C /* Debug */,
				EC4FBE202BF5FA9E00F5410C /* Release */,
			);
			defaultConfigurationIsVisible = 0;
			defaultConfigurationName = Release;
		};
		EC4FBE212BF5FA9E00F5410C /* Build configuration list for PBXNativeTarget "DouShouQiTests" */ = {
			isa = XCConfigurationList;
			buildConfigurations = (
				EC4FBE222BF5FA9E00F5410C /* Debug */,
				EC4FBE232BF5FA9E00F5410C /* Release */,
			);
			defaultConfigurationIsVisible = 0;
			defaultConfigurationName = Release;
		};
		EC4FBE242BF5FA9E00F5410C /* Build configuration list for PBXNativeTarget "DouShouQiUITests" */ = {
			isa = XCConfigurationList;
			buildConfigurations = (
				EC4FBE252BF5FA9E00F5410C /* Debug */,
				EC4FBE262BF5FA9E00F5410C /* Release */,
			);
			defaultConfigurationIsVisible = 0;
			defaultConfigurationName = Release;
		};
/* End XCConfigurationList section */
	};
	rootObject = EC4FBDF22BF5FA9D00F5410C /* Project object */;
}
