// !$*UTF8*$!
{
	archiveVersion = 1;
	classes = {
	};
	objectVersion = 56;
	objects = {

/* Begin PBXBuildFile section */
		5AA8BBE92C1C234D0029D46D /* AppDelegate.swift in Sources */ = {isa = PBXBuildFile; fileRef = 5AA8BBE82C1C234D0029D46D /* AppDelegate.swift */; };
		5AA8BBEB2C1C234D0029D46D /* ContentView.swift in Sources */ = {isa = PBXBuildFile; fileRef = 5AA8BBEA2C1C234D0029D46D /* ContentView.swift */; };
		5AA8BBED2C1C234D0029D46D /* Experience.rcproject in Sources */ = {isa = PBXBuildFile; fileRef = 5AA8BBEC2C1C234D0029D46D /* Experience.rcproject */; };
		5AA8BBEF2C1C234F0029D46D /* Assets.xcassets in Resources */ = {isa = PBXBuildFile; fileRef = 5AA8BBEE2C1C234F0029D46D /* Assets.xcassets */; };
		5AA8BBF22C1C234F0029D46D /* Preview Assets.xcassets in Resources */ = {isa = PBXBuildFile; fileRef = 5AA8BBF12C1C234F0029D46D /* Preview Assets.xcassets */; };
		5AA8BBFC2C1C23500029D46D /* ARDoushouqi_chthluTests.swift in Sources */ = {isa = PBXBuildFile; fileRef = 5AA8BBFB2C1C23500029D46D /* ARDoushouqi_chthluTests.swift */; };
		5AA8BC062C1C23500029D46D /* ARDoushouqi_chthluUITests.swift in Sources */ = {isa = PBXBuildFile; fileRef = 5AA8BC052C1C23500029D46D /* ARDoushouqi_chthluUITests.swift */; };
		5AA8BC082C1C23500029D46D /* ARDoushouqi_chthluUITestsLaunchTests.swift in Sources */ = {isa = PBXBuildFile; fileRef = 5AA8BC072C1C23500029D46D /* ARDoushouqi_chthluUITestsLaunchTests.swift */; };
/* End PBXBuildFile section */

/* Begin PBXContainerItemProxy section */
		5AA8BBF82C1C23500029D46D /* PBXContainerItemProxy */ = {
			isa = PBXContainerItemProxy;
			containerPortal = 5AA8BBDD2C1C234D0029D46D /* Project object */;
			proxyType = 1;
			remoteGlobalIDString = 5AA8BBE42C1C234D0029D46D;
			remoteInfo = ARDoushouqi_chthlu;
		};
		5AA8BC022C1C23500029D46D /* PBXContainerItemProxy */ = {
			isa = PBXContainerItemProxy;
			containerPortal = 5AA8BBDD2C1C234D0029D46D /* Project object */;
			proxyType = 1;
			remoteGlobalIDString = 5AA8BBE42C1C234D0029D46D;
			remoteInfo = ARDoushouqi_chthlu;
		};
/* End PBXContainerItemProxy section */

/* Begin PBXFileReference section */
		5AA8BBE52C1C234D0029D46D /* ARDoushouqi_chthlu.app */ = {isa = PBXFileReference; explicitFileType = wrapper.application; includeInIndex = 0; path = ARDoushouqi_chthlu.app; sourceTree = BUILT_PRODUCTS_DIR; };
		5AA8BBE82C1C234D0029D46D /* AppDelegate.swift */ = {isa = PBXFileReference; lastKnownFileType = sourcecode.swift; path = AppDelegate.swift; sourceTree = "<group>"; };
		5AA8BBEA2C1C234D0029D46D /* ContentView.swift */ = {isa = PBXFileReference; lastKnownFileType = sourcecode.swift; path = ContentView.swift; sourceTree = "<group>"; };
		5AA8BBEC2C1C234D0029D46D /* Experience.rcproject */ = {isa = PBXFileReference; lastKnownFileType = file.rcproject; path = Experience.rcproject; sourceTree = "<group>"; };
		5AA8BBEE2C1C234F0029D46D /* Assets.xcassets */ = {isa = PBXFileReference; lastKnownFileType = folder.assetcatalog; path = Assets.xcassets; sourceTree = "<group>"; };
		5AA8BBF12C1C234F0029D46D /* Preview Assets.xcassets */ = {isa = PBXFileReference; lastKnownFileType = folder.assetcatalog; path = "Preview Assets.xcassets"; sourceTree = "<group>"; };
		5AA8BBF72C1C23500029D46D /* ARDoushouqi_chthluTests.xctest */ = {isa = PBXFileReference; explicitFileType = wrapper.cfbundle; includeInIndex = 0; path = ARDoushouqi_chthluTests.xctest; sourceTree = BUILT_PRODUCTS_DIR; };
		5AA8BBFB2C1C23500029D46D /* ARDoushouqi_chthluTests.swift */ = {isa = PBXFileReference; lastKnownFileType = sourcecode.swift; path = ARDoushouqi_chthluTests.swift; sourceTree = "<group>"; };
		5AA8BC012C1C23500029D46D /* ARDoushouqi_chthluUITests.xctest */ = {isa = PBXFileReference; explicitFileType = wrapper.cfbundle; includeInIndex = 0; path = ARDoushouqi_chthluUITests.xctest; sourceTree = BUILT_PRODUCTS_DIR; };
		5AA8BC052C1C23500029D46D /* ARDoushouqi_chthluUITests.swift */ = {isa = PBXFileReference; lastKnownFileType = sourcecode.swift; path = ARDoushouqi_chthluUITests.swift; sourceTree = "<group>"; };
		5AA8BC072C1C23500029D46D /* ARDoushouqi_chthluUITestsLaunchTests.swift */ = {isa = PBXFileReference; lastKnownFileType = sourcecode.swift; path = ARDoushouqi_chthluUITestsLaunchTests.swift; sourceTree = "<group>"; };
/* End PBXFileReference section */

/* Begin PBXFrameworksBuildPhase section */
		5AA8BBE22C1C234D0029D46D /* Frameworks */ = {
			isa = PBXFrameworksBuildPhase;
			buildActionMask = 2147483647;
			files = (
			);
			runOnlyForDeploymentPostprocessing = 0;
		};
		5AA8BBF42C1C23500029D46D /* Frameworks */ = {
			isa = PBXFrameworksBuildPhase;
			buildActionMask = 2147483647;
			files = (
			);
			runOnlyForDeploymentPostprocessing = 0;
		};
		5AA8BBFE2C1C23500029D46D /* Frameworks */ = {
			isa = PBXFrameworksBuildPhase;
			buildActionMask = 2147483647;
			files = (
			);
			runOnlyForDeploymentPostprocessing = 0;
		};
/* End PBXFrameworksBuildPhase section */

/* Begin PBXGroup section */
		5AA8BBDC2C1C234D0029D46D = {
			isa = PBXGroup;
			children = (
				5AA8BBE72C1C234D0029D46D /* ARDoushouqi_chthlu */,
				5AA8BBFA2C1C23500029D46D /* ARDoushouqi_chthluTests */,
				5AA8BC042C1C23500029D46D /* ARDoushouqi_chthluUITests */,
				5AA8BBE62C1C234D0029D46D /* Products */,
			);
			sourceTree = "<group>";
		};
		5AA8BBE62C1C234D0029D46D /* Products */ = {
			isa = PBXGroup;
			children = (
				5AA8BBE52C1C234D0029D46D /* ARDoushouqi_chthlu.app */,
				5AA8BBF72C1C23500029D46D /* ARDoushouqi_chthluTests.xctest */,
				5AA8BC012C1C23500029D46D /* ARDoushouqi_chthluUITests.xctest */,
			);
			name = Products;
			sourceTree = "<group>";
		};
		5AA8BBE72C1C234D0029D46D /* ARDoushouqi_chthlu */ = {
			isa = PBXGroup;
			children = (
				5AA8BBE82C1C234D0029D46D /* AppDelegate.swift */,
				5AA8BBEA2C1C234D0029D46D /* ContentView.swift */,
				5AA8BBEC2C1C234D0029D46D /* Experience.rcproject */,
				5AA8BBEE2C1C234F0029D46D /* Assets.xcassets */,
				5AA8BBF02C1C234F0029D46D /* Preview Content */,
			);
			path = ARDoushouqi_chthlu;
			sourceTree = "<group>";
		};
		5AA8BBF02C1C234F0029D46D /* Preview Content */ = {
			isa = PBXGroup;
			children = (
				5AA8BBF12C1C234F0029D46D /* Preview Assets.xcassets */,
			);
			path = "Preview Content";
			sourceTree = "<group>";
		};
		5AA8BBFA2C1C23500029D46D /* ARDoushouqi_chthluTests */ = {
			isa = PBXGroup;
			children = (
				5AA8BBFB2C1C23500029D46D /* ARDoushouqi_chthluTests.swift */,
			);
			path = ARDoushouqi_chthluTests;
			sourceTree = "<group>";
		};
		5AA8BC042C1C23500029D46D /* ARDoushouqi_chthluUITests */ = {
			isa = PBXGroup;
			children = (
				5AA8BC052C1C23500029D46D /* ARDoushouqi_chthluUITests.swift */,
				5AA8BC072C1C23500029D46D /* ARDoushouqi_chthluUITestsLaunchTests.swift */,
			);
			path = ARDoushouqi_chthluUITests;
			sourceTree = "<group>";
		};
/* End PBXGroup section */

/* Begin PBXNativeTarget section */
		5AA8BBE42C1C234D0029D46D /* ARDoushouqi_chthlu */ = {
			isa = PBXNativeTarget;
			buildConfigurationList = 5AA8BC0B2C1C23500029D46D /* Build configuration list for PBXNativeTarget "ARDoushouqi_chthlu" */;
			buildPhases = (
				5AA8BBE12C1C234D0029D46D /* Sources */,
				5AA8BBE22C1C234D0029D46D /* Frameworks */,
				5AA8BBE32C1C234D0029D46D /* Resources */,
			);
			buildRules = (
			);
			dependencies = (
			);
			name = ARDoushouqi_chthlu;
			productName = ARDoushouqi_chthlu;
			productReference = 5AA8BBE52C1C234D0029D46D /* ARDoushouqi_chthlu.app */;
			productType = "com.apple.product-type.application";
		};
		5AA8BBF62C1C23500029D46D /* ARDoushouqi_chthluTests */ = {
			isa = PBXNativeTarget;
			buildConfigurationList = 5AA8BC0E2C1C23500029D46D /* Build configuration list for PBXNativeTarget "ARDoushouqi_chthluTests" */;
			buildPhases = (
				5AA8BBF32C1C23500029D46D /* Sources */,
				5AA8BBF42C1C23500029D46D /* Frameworks */,
				5AA8BBF52C1C23500029D46D /* Resources */,
			);
			buildRules = (
			);
			dependencies = (
				5AA8BBF92C1C23500029D46D /* PBXTargetDependency */,
			);
			name = ARDoushouqi_chthluTests;
			productName = ARDoushouqi_chthluTests;
			productReference = 5AA8BBF72C1C23500029D46D /* ARDoushouqi_chthluTests.xctest */;
			productType = "com.apple.product-type.bundle.unit-test";
		};
		5AA8BC002C1C23500029D46D /* ARDoushouqi_chthluUITests */ = {
			isa = PBXNativeTarget;
			buildConfigurationList = 5AA8BC112C1C23500029D46D /* Build configuration list for PBXNativeTarget "ARDoushouqi_chthluUITests" */;
			buildPhases = (
				5AA8BBFD2C1C23500029D46D /* Sources */,
				5AA8BBFE2C1C23500029D46D /* Frameworks */,
				5AA8BBFF2C1C23500029D46D /* Resources */,
			);
			buildRules = (
			);
			dependencies = (
				5AA8BC032C1C23500029D46D /* PBXTargetDependency */,
			);
			name = ARDoushouqi_chthluUITests;
			productName = ARDoushouqi_chthluUITests;
			productReference = 5AA8BC012C1C23500029D46D /* ARDoushouqi_chthluUITests.xctest */;
			productType = "com.apple.product-type.bundle.ui-testing";
		};
/* End PBXNativeTarget section */

/* Begin PBXProject section */
		5AA8BBDD2C1C234D0029D46D /* Project object */ = {
			isa = PBXProject;
			attributes = {
				BuildIndependentTargetsInParallel = 1;
				LastSwiftUpdateCheck = 1420;
				LastUpgradeCheck = 1420;
				TargetAttributes = {
					5AA8BBE42C1C234D0029D46D = {
						CreatedOnToolsVersion = 14.2;
					};
					5AA8BBF62C1C23500029D46D = {
						CreatedOnToolsVersion = 14.2;
						TestTargetID = 5AA8BBE42C1C234D0029D46D;
					};
					5AA8BC002C1C23500029D46D = {
						CreatedOnToolsVersion = 14.2;
						TestTargetID = 5AA8BBE42C1C234D0029D46D;
					};
				};
			};
			buildConfigurationList = 5AA8BBE02C1C234D0029D46D /* Build configuration list for PBXProject "ARDoushouqi_chthlu" */;
			compatibilityVersion = "Xcode 14.0";
			developmentRegion = en;
			hasScannedForEncodings = 0;
			knownRegions = (
				en,
				Base,
			);
			mainGroup = 5AA8BBDC2C1C234D0029D46D;
			productRefGroup = 5AA8BBE62C1C234D0029D46D /* Products */;
			projectDirPath = "";
			projectRoot = "";
			targets = (
				5AA8BBE42C1C234D0029D46D /* ARDoushouqi_chthlu */,
				5AA8BBF62C1C23500029D46D /* ARDoushouqi_chthluTests */,
				5AA8BC002C1C23500029D46D /* ARDoushouqi_chthluUITests */,
			);
		};
/* End PBXProject section */

/* Begin PBXResourcesBuildPhase section */
		5AA8BBE32C1C234D0029D46D /* Resources */ = {
			isa = PBXResourcesBuildPhase;
			buildActionMask = 2147483647;
			files = (
				5AA8BBF22C1C234F0029D46D /* Preview Assets.xcassets in Resources */,
				5AA8BBEF2C1C234F0029D46D /* Assets.xcassets in Resources */,
			);
			runOnlyForDeploymentPostprocessing = 0;
		};
		5AA8BBF52C1C23500029D46D /* Resources */ = {
			isa = PBXResourcesBuildPhase;
			buildActionMask = 2147483647;
			files = (
			);
			runOnlyForDeploymentPostprocessing = 0;
		};
		5AA8BBFF2C1C23500029D46D /* Resources */ = {
			isa = PBXResourcesBuildPhase;
			buildActionMask = 2147483647;
			files = (
			);
			runOnlyForDeploymentPostprocessing = 0;
		};
/* End PBXResourcesBuildPhase section */

/* Begin PBXSourcesBuildPhase section */
		5AA8BBE12C1C234D0029D46D /* Sources */ = {
			isa = PBXSourcesBuildPhase;
			buildActionMask = 2147483647;
			files = (
				5AA8BBEB2C1C234D0029D46D /* ContentView.swift in Sources */,
				5AA8BBE92C1C234D0029D46D /* AppDelegate.swift in Sources */,
				5AA8BBED2C1C234D0029D46D /* Experience.rcproject in Sources */,
			);
			runOnlyForDeploymentPostprocessing = 0;
		};
		5AA8BBF32C1C23500029D46D /* Sources */ = {
			isa = PBXSourcesBuildPhase;
			buildActionMask = 2147483647;
			files = (
				5AA8BBFC2C1C23500029D46D /* ARDoushouqi_chthluTests.swift in Sources */,
			);
			runOnlyForDeploymentPostprocessing = 0;
		};
		5AA8BBFD2C1C23500029D46D /* Sources */ = {
			isa = PBXSourcesBuildPhase;
			buildActionMask = 2147483647;
			files = (
				5AA8BC062C1C23500029D46D /* ARDoushouqi_chthluUITests.swift in Sources */,
				5AA8BC082C1C23500029D46D /* ARDoushouqi_chthluUITestsLaunchTests.swift in Sources */,
			);
			runOnlyForDeploymentPostprocessing = 0;
		};
/* End PBXSourcesBuildPhase section */

/* Begin PBXTargetDependency section */
		5AA8BBF92C1C23500029D46D /* PBXTargetDependency */ = {
			isa = PBXTargetDependency;
			target = 5AA8BBE42C1C234D0029D46D /* ARDoushouqi_chthlu */;
			targetProxy = 5AA8BBF82C1C23500029D46D /* PBXContainerItemProxy */;
		};
		5AA8BC032C1C23500029D46D /* PBXTargetDependency */ = {
			isa = PBXTargetDependency;
			target = 5AA8BBE42C1C234D0029D46D /* ARDoushouqi_chthlu */;
			targetProxy = 5AA8BC022C1C23500029D46D /* PBXContainerItemProxy */;
		};
/* End PBXTargetDependency section */

/* Begin XCBuildConfiguration section */
		5AA8BC092C1C23500029D46D /* Debug */ = {
			isa = XCBuildConfiguration;
			buildSettings = {
				ALWAYS_SEARCH_USER_PATHS = NO;
				CLANG_ANALYZER_NONNULL = YES;
				CLANG_ANALYZER_NUMBER_OBJECT_CONVERSION = YES_AGGRESSIVE;
				CLANG_CXX_LANGUAGE_STANDARD = "gnu++20";
				CLANG_ENABLE_MODULES = YES;
				CLANG_ENABLE_OBJC_ARC = YES;
				CLANG_ENABLE_OBJC_WEAK = YES;
				CLANG_WARN_BLOCK_CAPTURE_AUTORELEASING = YES;
				CLANG_WARN_BOOL_CONVERSION = YES;
				CLANG_WARN_COMMA = YES;
				CLANG_WARN_CONSTANT_CONVERSION = YES;
				CLANG_WARN_DEPRECATED_OBJC_IMPLEMENTATIONS = YES;
				CLANG_WARN_DIRECT_OBJC_ISA_USAGE = YES_ERROR;
				CLANG_WARN_DOCUMENTATION_COMMENTS = YES;
				CLANG_WARN_EMPTY_BODY = YES;
				CLANG_WARN_ENUM_CONVERSION = YES;
				CLANG_WARN_INFINITE_RECURSION = YES;
				CLANG_WARN_INT_CONVERSION = YES;
				CLANG_WARN_NON_LITERAL_NULL_CONVERSION = YES;
				CLANG_WARN_OBJC_IMPLICIT_RETAIN_SELF = YES;
				CLANG_WARN_OBJC_LITERAL_CONVERSION = YES;
				CLANG_WARN_OBJC_ROOT_CLASS = YES_ERROR;
				CLANG_WARN_QUOTED_INCLUDE_IN_FRAMEWORK_HEADER = YES;
				CLANG_WARN_RANGE_LOOP_ANALYSIS = YES;
				CLANG_WARN_STRICT_PROTOTYPES = YES;
				CLANG_WARN_SUSPICIOUS_MOVE = YES;
				CLANG_WARN_UNGUARDED_AVAILABILITY = YES_AGGRESSIVE;
				CLANG_WARN_UNREACHABLE_CODE = YES;
				CLANG_WARN__DUPLICATE_METHOD_MATCH = YES;
				COPY_PHASE_STRIP = NO;
				DEBUG_INFORMATION_FORMAT = dwarf;
				ENABLE_STRICT_OBJC_MSGSEND = YES;
				ENABLE_TESTABILITY = YES;
				GCC_C_LANGUAGE_STANDARD = gnu11;
				GCC_DYNAMIC_NO_PIC = NO;
				GCC_NO_COMMON_BLOCKS = YES;
				GCC_OPTIMIZATION_LEVEL = 0;
				GCC_PREPROCESSOR_DEFINITIONS = (
					"DEBUG=1",
					"$(inherited)",
				);
				GCC_WARN_64_TO_32_BIT_CONVERSION = YES;
				GCC_WARN_ABOUT_RETURN_TYPE = YES_ERROR;
				GCC_WARN_UNDECLARED_SELECTOR = YES;
				GCC_WARN_UNINITIALIZED_AUTOS = YES_AGGRESSIVE;
				GCC_WARN_UNUSED_FUNCTION = YES;
				GCC_WARN_UNUSED_VARIABLE = YES;
				IPHONEOS_DEPLOYMENT_TARGET = 16.2;
				MTL_ENABLE_DEBUG_INFO = INCLUDE_SOURCE;
				MTL_FAST_MATH = YES;
				ONLY_ACTIVE_ARCH = YES;
				SDKROOT = iphoneos;
				SWIFT_ACTIVE_COMPILATION_CONDITIONS = DEBUG;
				SWIFT_OPTIMIZATION_LEVEL = "-Onone";
			};
			name = Debug;
		};
		5AA8BC0A2C1C23500029D46D /* Release */ = {
			isa = XCBuildConfiguration;
			buildSettings = {
				ALWAYS_SEARCH_USER_PATHS = NO;
				CLANG_ANALYZER_NONNULL = YES;
				CLANG_ANALYZER_NUMBER_OBJECT_CONVERSION = YES_AGGRESSIVE;
				CLANG_CXX_LANGUAGE_STANDARD = "gnu++20";
				CLANG_ENABLE_MODULES = YES;
				CLANG_ENABLE_OBJC_ARC = YES;
				CLANG_ENABLE_OBJC_WEAK = YES;
				CLANG_WARN_BLOCK_CAPTURE_AUTORELEASING = YES;
				CLANG_WARN_BOOL_CONVERSION = YES;
				CLANG_WARN_COMMA = YES;
				CLANG_WARN_CONSTANT_CONVERSION = YES;
				CLANG_WARN_DEPRECATED_OBJC_IMPLEMENTATIONS = YES;
				CLANG_WARN_DIRECT_OBJC_ISA_USAGE = YES_ERROR;
				CLANG_WARN_DOCUMENTATION_COMMENTS = YES;
				CLANG_WARN_EMPTY_BODY = YES;
				CLANG_WARN_ENUM_CONVERSION = YES;
				CLANG_WARN_INFINITE_RECURSION = YES;
				CLANG_WARN_INT_CONVERSION = YES;
				CLANG_WARN_NON_LITERAL_NULL_CONVERSION = YES;
				CLANG_WARN_OBJC_IMPLICIT_RETAIN_SELF = YES;
				CLANG_WARN_OBJC_LITERAL_CONVERSION = YES;
				CLANG_WARN_OBJC_ROOT_CLASS = YES_ERROR;
				CLANG_WARN_QUOTED_INCLUDE_IN_FRAMEWORK_HEADER = YES;
				CLANG_WARN_RANGE_LOOP_ANALYSIS = YES;
				CLANG_WARN_STRICT_PROTOTYPES = YES;
				CLANG_WARN_SUSPICIOUS_MOVE = YES;
				CLANG_WARN_UNGUARDED_AVAILABILITY = YES_AGGRESSIVE;
				CLANG_WARN_UNREACHABLE_CODE = YES;
				CLANG_WARN__DUPLICATE_METHOD_MATCH = YES;
				COPY_PHASE_STRIP = NO;
				DEBUG_INFORMATION_FORMAT = "dwarf-with-dsym";
				ENABLE_NS_ASSERTIONS = NO;
				ENABLE_STRICT_OBJC_MSGSEND = YES;
				GCC_C_LANGUAGE_STANDARD = gnu11;
				GCC_NO_COMMON_BLOCKS = YES;
				GCC_WARN_64_TO_32_BIT_CONVERSION = YES;
				GCC_WARN_ABOUT_RETURN_TYPE = YES_ERROR;
				GCC_WARN_UNDECLARED_SELECTOR = YES;
				GCC_WARN_UNINITIALIZED_AUTOS = YES_AGGRESSIVE;
				GCC_WARN_UNUSED_FUNCTION = YES;
				GCC_WARN_UNUSED_VARIABLE = YES;
				IPHONEOS_DEPLOYMENT_TARGET = 16.2;
				MTL_ENABLE_DEBUG_INFO = NO;
				MTL_FAST_MATH = YES;
				SDKROOT = iphoneos;
				SWIFT_COMPILATION_MODE = wholemodule;
				SWIFT_OPTIMIZATION_LEVEL = "-O";
				VALIDATE_PRODUCT = YES;
			};
			name = Release;
		};
		5AA8BC0C2C1C23500029D46D /* Debug */ = {
			isa = XCBuildConfiguration;
			buildSettings = {
				ASSETCATALOG_COMPILER_APPICON_NAME = AppIcon;
				ASSETCATALOG_COMPILER_GLOBAL_ACCENT_COLOR_NAME = AccentColor;
				CODE_SIGN_STYLE = Automatic;
				CURRENT_PROJECT_VERSION = 1;
				DEVELOPMENT_ASSET_PATHS = "\"ARDoushouqi_chthlu/Preview Content\"";
				ENABLE_PREVIEWS = YES;
				GENERATE_INFOPLIST_FILE = YES;
				INFOPLIST_KEY_NSCameraUsageDescription = "";
				INFOPLIST_KEY_UIApplicationSupportsIndirectInputEvents = YES;
				INFOPLIST_KEY_UILaunchScreen_Generation = YES;
				INFOPLIST_KEY_UIRequiredDeviceCapabilities = arkit;
				INFOPLIST_KEY_UIStatusBarHidden = YES;
				INFOPLIST_KEY_UISupportedInterfaceOrientations_iPad = "UIInterfaceOrientationPortrait UIInterfaceOrientationPortraitUpsideDown UIInterfaceOrientationLandscapeLeft UIInterfaceOrientationLandscapeRight";
				INFOPLIST_KEY_UISupportedInterfaceOrientations_iPhone = "UIInterfaceOrientationPortrait UIInterfaceOrientationLandscapeLeft UIInterfaceOrientationLandscapeRight";
				LD_RUNPATH_SEARCH_PATHS = (
					"$(inherited)",
					"@executable_path/Frameworks",
				);
				MARKETING_VERSION = 1.0;
				PRODUCT_BUNDLE_IDENTIFIER = "fr.uca.iut.ARDoushouqi-chthlu";
				PRODUCT_NAME = "$(TARGET_NAME)";
				SWIFT_EMIT_LOC_STRINGS = YES;
				SWIFT_VERSION = 5.0;
				TARGETED_DEVICE_FAMILY = "1,2";
			};
			name = Debug;
		};
		5AA8BC0D2C1C23500029D46D /* Release */ = {
			isa = XCBuildConfiguration;
			buildSettings = {
				ASSETCATALOG_COMPILER_APPICON_NAME = AppIcon;
				ASSETCATALOG_COMPILER_GLOBAL_ACCENT_COLOR_NAME = AccentColor;
				CODE_SIGN_STYLE = Automatic;
				CURRENT_PROJECT_VERSION = 1;
				DEVELOPMENT_ASSET_PATHS = "\"ARDoushouqi_chthlu/Preview Content\"";
				ENABLE_PREVIEWS = YES;
				GENERATE_INFOPLIST_FILE = YES;
				INFOPLIST_KEY_NSCameraUsageDescription = "";
				INFOPLIST_KEY_UIApplicationSupportsIndirectInputEvents = YES;
				INFOPLIST_KEY_UILaunchScreen_Generation = YES;
				INFOPLIST_KEY_UIRequiredDeviceCapabilities = arkit;
				INFOPLIST_KEY_UIStatusBarHidden = YES;
				INFOPLIST_KEY_UISupportedInterfaceOrientations_iPad = "UIInterfaceOrientationPortrait UIInterfaceOrientationPortraitUpsideDown UIInterfaceOrientationLandscapeLeft UIInterfaceOrientationLandscapeRight";
				INFOPLIST_KEY_UISupportedInterfaceOrientations_iPhone = "UIInterfaceOrientationPortrait UIInterfaceOrientationLandscapeLeft UIInterfaceOrientationLandscapeRight";
				LD_RUNPATH_SEARCH_PATHS = (
					"$(inherited)",
					"@executable_path/Frameworks",
				);
				MARKETING_VERSION = 1.0;
				PRODUCT_BUNDLE_IDENTIFIER = "fr.uca.iut.ARDoushouqi-chthlu";
				PRODUCT_NAME = "$(TARGET_NAME)";
				SWIFT_EMIT_LOC_STRINGS = YES;
				SWIFT_VERSION = 5.0;
				TARGETED_DEVICE_FAMILY = "1,2";
			};
			name = Release;
		};
		5AA8BC0F2C1C23500029D46D /* Debug */ = {
			isa = XCBuildConfiguration;
			buildSettings = {
				ALWAYS_EMBED_SWIFT_STANDARD_LIBRARIES = YES;
				BUNDLE_LOADER = "$(TEST_HOST)";
				CODE_SIGN_STYLE = Automatic;
				CURRENT_PROJECT_VERSION = 1;
				GENERATE_INFOPLIST_FILE = YES;
				IPHONEOS_DEPLOYMENT_TARGET = 16.2;
				MARKETING_VERSION = 1.0;
				PRODUCT_BUNDLE_IDENTIFIER = "fr.uca.iut.ARDoushouqi-chthluTests";
				PRODUCT_NAME = "$(TARGET_NAME)";
				SWIFT_EMIT_LOC_STRINGS = NO;
				SWIFT_VERSION = 5.0;
				TARGETED_DEVICE_FAMILY = "1,2";
				TEST_HOST = "$(BUILT_PRODUCTS_DIR)/ARDoushouqi_chthlu.app/$(BUNDLE_EXECUTABLE_FOLDER_PATH)/ARDoushouqi_chthlu";
			};
			name = Debug;
		};
		5AA8BC102C1C23500029D46D /* Release */ = {
			isa = XCBuildConfiguration;
			buildSettings = {
				ALWAYS_EMBED_SWIFT_STANDARD_LIBRARIES = YES;
				BUNDLE_LOADER = "$(TEST_HOST)";
				CODE_SIGN_STYLE = Automatic;
				CURRENT_PROJECT_VERSION = 1;
				GENERATE_INFOPLIST_FILE = YES;
				IPHONEOS_DEPLOYMENT_TARGET = 16.2;
				MARKETING_VERSION = 1.0;
				PRODUCT_BUNDLE_IDENTIFIER = "fr.uca.iut.ARDoushouqi-chthluTests";
				PRODUCT_NAME = "$(TARGET_NAME)";
				SWIFT_EMIT_LOC_STRINGS = NO;
				SWIFT_VERSION = 5.0;
				TARGETED_DEVICE_FAMILY = "1,2";
				TEST_HOST = "$(BUILT_PRODUCTS_DIR)/ARDoushouqi_chthlu.app/$(BUNDLE_EXECUTABLE_FOLDER_PATH)/ARDoushouqi_chthlu";
			};
			name = Release;
		};
		5AA8BC122C1C23500029D46D /* Debug */ = {
			isa = XCBuildConfiguration;
			buildSettings = {
				ALWAYS_EMBED_SWIFT_STANDARD_LIBRARIES = YES;
				CODE_SIGN_STYLE = Automatic;
				CURRENT_PROJECT_VERSION = 1;
				GENERATE_INFOPLIST_FILE = YES;
				MARKETING_VERSION = 1.0;
				PRODUCT_BUNDLE_IDENTIFIER = "fr.uca.iut.ARDoushouqi-chthluUITests";
				PRODUCT_NAME = "$(TARGET_NAME)";
				SWIFT_EMIT_LOC_STRINGS = NO;
				SWIFT_VERSION = 5.0;
				TARGETED_DEVICE_FAMILY = "1,2";
				TEST_TARGET_NAME = ARDoushouqi_chthlu;
			};
			name = Debug;
		};
		5AA8BC132C1C23500029D46D /* Release */ = {
			isa = XCBuildConfiguration;
			buildSettings = {
				ALWAYS_EMBED_SWIFT_STANDARD_LIBRARIES = YES;
				CODE_SIGN_STYLE = Automatic;
				CURRENT_PROJECT_VERSION = 1;
				GENERATE_INFOPLIST_FILE = YES;
				MARKETING_VERSION = 1.0;
				PRODUCT_BUNDLE_IDENTIFIER = "fr.uca.iut.ARDoushouqi-chthluUITests";
				PRODUCT_NAME = "$(TARGET_NAME)";
				SWIFT_EMIT_LOC_STRINGS = NO;
				SWIFT_VERSION = 5.0;
				TARGETED_DEVICE_FAMILY = "1,2";
				TEST_TARGET_NAME = ARDoushouqi_chthlu;
			};
			name = Release;
		};
/* End XCBuildConfiguration section */

/* Begin XCConfigurationList section */
		5AA8BBE02C1C234D0029D46D /* Build configuration list for PBXProject "ARDoushouqi_chthlu" */ = {
			isa = XCConfigurationList;
			buildConfigurations = (
				5AA8BC092C1C23500029D46D /* Debug */,
				5AA8BC0A2C1C23500029D46D /* Release */,
			);
			defaultConfigurationIsVisible = 0;
			defaultConfigurationName = Release;
		};
		5AA8BC0B2C1C23500029D46D /* Build configuration list for PBXNativeTarget "ARDoushouqi_chthlu" */ = {
			isa = XCConfigurationList;
			buildConfigurations = (
				5AA8BC0C2C1C23500029D46D /* Debug */,
				5AA8BC0D2C1C23500029D46D /* Release */,
			);
			defaultConfigurationIsVisible = 0;
			defaultConfigurationName = Release;
		};
		5AA8BC0E2C1C23500029D46D /* Build configuration list for PBXNativeTarget "ARDoushouqi_chthluTests" */ = {
			isa = XCConfigurationList;
			buildConfigurations = (
				5AA8BC0F2C1C23500029D46D /* Debug */,
				5AA8BC102C1C23500029D46D /* Release */,
			);
			defaultConfigurationIsVisible = 0;
			defaultConfigurationName = Release;
		};
		5AA8BC112C1C23500029D46D /* Build configuration list for PBXNativeTarget "ARDoushouqi_chthluUITests" */ = {
			isa = XCConfigurationList;
			buildConfigurations = (
				5AA8BC122C1C23500029D46D /* Debug */,
				5AA8BC132C1C23500029D46D /* Release */,
			);
			defaultConfigurationIsVisible = 0;
			defaultConfigurationName = Release;
		};
/* End XCConfigurationList section */
	};
	rootObject = 5AA8BBDD2C1C234D0029D46D /* Project object */;
}
